<?xml version="1.0" encoding="UTF-8"?>
<Scheme
   LastUpgradeVersion = "1300"
   version = "1.3">
   <BuildAction
      parallelizeBuildables = "YES"
      buildImplicitDependencies = "YES">
   </BuildAction>
   <TestAction
      buildConfiguration = "Debug"
      selectedDebuggerIdentifier = "Xcode.DebuggerFoundation.Debugger.LLDB"
      selectedLauncherIdentifier = "Xcode.DebuggerFoundation.Launcher.LLDB"
      shouldUseLaunchSchemeArgsEnv = "YES"
      codeCoverageEnabled = "YES">
      <Testables>
         <TestableReference
            skipped = "NO">
            <BuildableReference
               BuildableIdentifier = "primary"
               BlueprintIdentifier = "FEAE99661FEC3BCE00B52CA9"
               BuildableName = "QuizTrainTests.xctest"
               BlueprintName = "QuizTrainTests-tvOS"
               ReferencedContainer = "container:QuizTrain.xcodeproj">
            </BuildableReference>
            <SkippedTests>
               <Test
                  Identifier = "ObjectAPITests/testAddCheckboxCaseField()">
               </Test>
               <Test
                  Identifier = "ObjectAPITests/testAddDateCaseField()">
               </Test>
               <Test
                  Identifier = "ObjectAPITests/testAddDropdownCaseField()">
               </Test>
               <Test
                  Identifier = "ObjectAPITests/testAddIntegerCaseField()">
               </Test>
               <Test
                  Identifier = "ObjectAPITests/testAddMilestoneCaseField()">
               </Test>
               <Test
                  Identifier = "ObjectAPITests/testAddMultiselectCaseField()">
               </Test>
               <Test
                  Identifier = "ObjectAPITests/testAddStepsCaseField()">
               </Test>
               <Test
                  Identifier = "ObjectAPITests/testAddStringCaseField()">
               </Test>
               <Test
                  Identifier = "ObjectAPITests/testAddTextCaseField()">
               </Test>
               <Test
                  Identifier = "ObjectAPITests/testAddURLCaseField()">
               </Test>
               <Test
                  Identifier = "ObjectAPITests/testAddUserCaseField()">
               </Test>
            </SkippedTests>
         </TestableReference>
      </Testables>
   </TestAction>
   <LaunchAction
      buildConfiguration = "Debug"
      selectedDebuggerIdentifier = "Xcode.DebuggerFoundation.Debugger.LLDB"
      selectedLauncherIdentifier = "Xcode.DebuggerFoundation.Launcher.LLDB"
      launchStyle = "0"
      useCustomWorkingDirectory = "NO"
      ignoresPersistentStateOnLaunch = "NO"
      debugDocumentVersioning = "YES"
      debugServiceExtension = "internal"
      allowLocationSimulation = "YES">
   </LaunchAction>
   <ProfileAction
      buildConfiguration = "Release"
      shouldUseLaunchSchemeArgsEnv = "YES"
      savedToolIdentifier = ""
      useCustomWorkingDirectory = "NO"
      debugDocumentVersioning = "YES">
   </ProfileAction>
   <AnalyzeAction
      buildConfiguration = "Debug">
   </AnalyzeAction>
   <ArchiveAction
      buildConfiguration = "Release"
      revealArchiveInOrganizer = "YES">
   </ArchiveAction>
</Scheme>
