// !$*UTF8*$!
{
	archiveVersion = 1;
	classes = {
	};
	objectVersion = 51;
	objects = {

/* Begin PBXAggregateTarget section */
		"QuizTrain::QuizTrainPackageTests::ProductTarget" /* QuizTrainPackageTests */ = {
			isa = PBXAggregateTarget;
			buildConfigurationList = OBJ_347 /* Build configuration list for PBXAggregateTarget "QuizTrainPackageTests" */;
			buildPhases = (
			);
			dependencies = (
				OBJ_350 /* PBXTargetDependency */,
			);
			name = QuizTrainPackageTests;
			productName = QuizTrainPackageTests;
		};
/* End PBXAggregateTarget section */

/* Begin PBXBuildFile section */
		OBJ_251 /* AddRequestJSON.swift in Sources */ = {isa = PBXBuildFile; fileRef = OBJ_13 /* AddRequestJSON.swift */; };
		OBJ_252 /* AddRequestJSONKeys.swift in Sources */ = {isa = PBXBuildFile; fileRef = OBJ_14 /* AddRequestJSONKeys.swift */; };
		OBJ_253 /* CustomFieldsContainer.swift in Sources */ = {isa = PBXBuildFile; fileRef = OBJ_17 /* CustomFieldsContainer.swift */; };
		OBJ_254 /* ErrorContainer.swift in Sources */ = {isa = PBXBuildFile; fileRef = OBJ_18 /* ErrorContainer.swift */; };
		OBJ_255 /* JSONDictionaryContainer.swift in Sources */ = {isa = PBXBuildFile; fileRef = OBJ_19 /* JSONDictionaryContainer.swift */; };
		OBJ_256 /* CustomFields.swift in Sources */ = {isa = PBXBuildFile; fileRef = OBJ_21 /* CustomFields.swift */; };
		OBJ_257 /* MutableCustomFields.swift in Sources */ = {isa = PBXBuildFile; fileRef = OBJ_22 /* MutableCustomFields.swift */; };
		OBJ_258 /* DebugDetails.swift in Sources */ = {isa = PBXBuildFile; fileRef = OBJ_24 /* DebugDetails.swift */; };
		OBJ_259 /* MultipleMatchError.swift in Sources */ = {isa = PBXBuildFile; fileRef = OBJ_26 /* MultipleMatchError.swift */; };
		OBJ_260 /* SingleMatchError.swift in Sources */ = {isa = PBXBuildFile; fileRef = OBJ_27 /* SingleMatchError.swift */; };
		OBJ_261 /* Date+Seconds.swift in Sources */ = {isa = PBXBuildFile; fileRef = OBJ_29 /* Date+Seconds.swift */; };
		OBJ_262 /* Identifiable.swift in Sources */ = {isa = PBXBuildFile; fileRef = OBJ_31 /* Identifiable.swift */; };
		OBJ_263 /* JSONDeserializable.swift in Sources */ = {isa = PBXBuildFile; fileRef = OBJ_33 /* JSONDeserializable.swift */; };
		OBJ_264 /* JSONDictionary.swift in Sources */ = {isa = PBXBuildFile; fileRef = OBJ_34 /* JSONDictionary.swift */; };
		OBJ_265 /* JSONKey.swift in Sources */ = {isa = PBXBuildFile; fileRef = OBJ_35 /* JSONKey.swift */; };
		OBJ_266 /* JSONSerializable.swift in Sources */ = {isa = PBXBuildFile; fileRef = OBJ_36 /* JSONSerializable.swift */; };
		OBJ_267 /* AsyncOperation.swift in Sources */ = {isa = PBXBuildFile; fileRef = OBJ_38 /* AsyncOperation.swift */; };
		OBJ_268 /* Outcome.swift in Sources */ = {isa = PBXBuildFile; fileRef = OBJ_39 /* Outcome.swift */; };
		OBJ_269 /* QueryItemProvider.swift in Sources */ = {isa = PBXBuildFile; fileRef = OBJ_40 /* QueryItemProvider.swift */; };
		OBJ_270 /* UniqueSelection.swift in Sources */ = {isa = PBXBuildFile; fileRef = OBJ_41 /* UniqueSelection.swift */; };
		OBJ_271 /* UpdateRequestJSON.swift in Sources */ = {isa = PBXBuildFile; fileRef = OBJ_43 /* UpdateRequestJSON.swift */; };
		OBJ_272 /* UpdateRequestJSONKeys.swift in Sources */ = {isa = PBXBuildFile; fileRef = OBJ_44 /* UpdateRequestJSONKeys.swift */; };
		OBJ_273 /* Validatable.swift in Sources */ = {isa = PBXBuildFile; fileRef = OBJ_46 /* Validatable.swift */; };
		OBJ_274 /* Case.swift in Sources */ = {isa = PBXBuildFile; fileRef = OBJ_48 /* Case.swift */; };
		OBJ_275 /* CaseField.swift in Sources */ = {isa = PBXBuildFile; fileRef = OBJ_49 /* CaseField.swift */; };
		OBJ_276 /* CaseType.swift in Sources */ = {isa = PBXBuildFile; fileRef = OBJ_50 /* CaseType.swift */; };
		OBJ_277 /* Config.Context.swift in Sources */ = {isa = PBXBuildFile; fileRef = OBJ_52 /* Config.Context.swift */; };
		OBJ_278 /* Config.swift in Sources */ = {isa = PBXBuildFile; fileRef = OBJ_53 /* Config.swift */; };
		OBJ_279 /* Configuration.swift in Sources */ = {isa = PBXBuildFile; fileRef = OBJ_54 /* Configuration.swift */; };
		OBJ_280 /* ConfigurationGroup.swift in Sources */ = {isa = PBXBuildFile; fileRef = OBJ_55 /* ConfigurationGroup.swift */; };
		OBJ_281 /* Milestone.swift in Sources */ = {isa = PBXBuildFile; fileRef = OBJ_56 /* Milestone.swift */; };
		OBJ_282 /* Plan.Entry.swift in Sources */ = {isa = PBXBuildFile; fileRef = OBJ_57 /* Plan.Entry.swift */; };
		OBJ_283 /* Plan.swift in Sources */ = {isa = PBXBuildFile; fileRef = OBJ_58 /* Plan.swift */; };
		OBJ_284 /* Priority.swift in Sources */ = {isa = PBXBuildFile; fileRef = OBJ_59 /* Priority.swift */; };
		OBJ_285 /* Project.swift in Sources */ = {isa = PBXBuildFile; fileRef = OBJ_60 /* Project.swift */; };
		OBJ_286 /* Result.swift in Sources */ = {isa = PBXBuildFile; fileRef = OBJ_61 /* Result.swift */; };
		OBJ_287 /* ResultField.swift in Sources */ = {isa = PBXBuildFile; fileRef = OBJ_62 /* ResultField.swift */; };
		OBJ_288 /* Run.swift in Sources */ = {isa = PBXBuildFile; fileRef = OBJ_63 /* Run.swift */; };
		OBJ_289 /* Section.swift in Sources */ = {isa = PBXBuildFile; fileRef = OBJ_64 /* Section.swift */; };
		OBJ_290 /* Status.swift in Sources */ = {isa = PBXBuildFile; fileRef = OBJ_65 /* Status.swift */; };
		OBJ_291 /* Suite.swift in Sources */ = {isa = PBXBuildFile; fileRef = OBJ_66 /* Suite.swift */; };
		OBJ_292 /* Template.swift in Sources */ = {isa = PBXBuildFile; fileRef = OBJ_67 /* Template.swift */; };
		OBJ_293 /* Test.swift in Sources */ = {isa = PBXBuildFile; fileRef = OBJ_68 /* Test.swift */; };
		OBJ_294 /* CustomFieldType.swift in Sources */ = {isa = PBXBuildFile; fileRef = OBJ_70 /* CustomFieldType.swift */; };
		OBJ_295 /* Project.SuiteMode.swift in Sources */ = {isa = PBXBuildFile; fileRef = OBJ_71 /* Project.SuiteMode.swift */; };
		OBJ_296 /* User.swift in Sources */ = {isa = PBXBuildFile; fileRef = OBJ_72 /* User.swift */; };
		OBJ_297 /* API.swift in Sources */ = {isa = PBXBuildFile; fileRef = OBJ_74 /* API.swift */; };
		OBJ_298 /* API.RequestErrorDebug.swift in Sources */ = {isa = PBXBuildFile; fileRef = OBJ_77 /* API.RequestErrorDebug.swift */; };
		OBJ_299 /* API.RequestResultDebug.swift in Sources */ = {isa = PBXBuildFile; fileRef = OBJ_78 /* API.RequestResultDebug.swift */; };
		OBJ_300 /* ObjectAPI.ClientErrorDebug.swift in Sources */ = {isa = PBXBuildFile; fileRef = OBJ_80 /* ObjectAPI.ClientErrorDebug.swift */; };
		OBJ_301 /* ObjectAPI.DataProcessingErrorDebug.swift in Sources */ = {isa = PBXBuildFile; fileRef = OBJ_81 /* ObjectAPI.DataProcessingErrorDebug.swift */; };
		OBJ_302 /* ObjectAPI.DataRequestErrorDebug.swift in Sources */ = {isa = PBXBuildFile; fileRef = OBJ_82 /* ObjectAPI.DataRequestErrorDebug.swift */; };
		OBJ_303 /* ObjectAPI.MatchErrorDebug.swift in Sources */ = {isa = PBXBuildFile; fileRef = OBJ_83 /* ObjectAPI.MatchErrorDebug.swift */; };
		OBJ_304 /* ObjectAPI.ObjectConversionErrorDebug.swift in Sources */ = {isa = PBXBuildFile; fileRef = OBJ_84 /* ObjectAPI.ObjectConversionErrorDebug.swift */; };
		OBJ_305 /* ObjectAPI.RequestErrorDebug.swift in Sources */ = {isa = PBXBuildFile; fileRef = OBJ_85 /* ObjectAPI.RequestErrorDebug.swift */; };
		OBJ_306 /* ObjectAPI.ServerErrorDebug.swift in Sources */ = {isa = PBXBuildFile; fileRef = OBJ_86 /* ObjectAPI.ServerErrorDebug.swift */; };
		OBJ_307 /* ObjectAPI.StatusCodeErrorDebug.swift in Sources */ = {isa = PBXBuildFile; fileRef = OBJ_87 /* ObjectAPI.StatusCodeErrorDebug.swift */; };
		OBJ_308 /* ObjectAPI.UpdateRequestErrorDebug.swift in Sources */ = {isa = PBXBuildFile; fileRef = OBJ_88 /* ObjectAPI.UpdateRequestErrorDebug.swift */; };
		OBJ_309 /* URLRequestDebug.swift in Sources */ = {isa = PBXBuildFile; fileRef = OBJ_89 /* URLRequestDebug.swift */; };
		OBJ_310 /* Filter.Value.swift in Sources */ = {isa = PBXBuildFile; fileRef = OBJ_91 /* Filter.Value.swift */; };
		OBJ_311 /* Filter.swift in Sources */ = {isa = PBXBuildFile; fileRef = OBJ_92 /* Filter.swift */; };
		OBJ_312 /* NewCase.swift in Sources */ = {isa = PBXBuildFile; fileRef = OBJ_95 /* NewCase.swift */; };
		OBJ_313 /* NewCaseField.swift in Sources */ = {isa = PBXBuildFile; fileRef = OBJ_97 /* NewCaseField.swift */; };
		OBJ_314 /* NewCaseFieldConfig.swift in Sources */ = {isa = PBXBuildFile; fileRef = OBJ_98 /* NewCaseFieldConfig.swift */; };
		OBJ_315 /* NewCaseFieldConfigContext.swift in Sources */ = {isa = PBXBuildFile; fileRef = OBJ_99 /* NewCaseFieldConfigContext.swift */; };
		OBJ_316 /* NewCaseFieldConfigOptions.swift in Sources */ = {isa = PBXBuildFile; fileRef = OBJ_100 /* NewCaseFieldConfigOptions.swift */; };
		OBJ_317 /* NewCaseFieldData.swift in Sources */ = {isa = PBXBuildFile; fileRef = OBJ_101 /* NewCaseFieldData.swift */; };
		OBJ_318 /* NewCaseFieldType.swift in Sources */ = {isa = PBXBuildFile; fileRef = OBJ_102 /* NewCaseFieldType.swift */; };
		OBJ_319 /* NewCaseResults.Result.swift in Sources */ = {isa = PBXBuildFile; fileRef = OBJ_103 /* NewCaseResults.Result.swift */; };
		OBJ_320 /* NewCaseResults.swift in Sources */ = {isa = PBXBuildFile; fileRef = OBJ_104 /* NewCaseResults.swift */; };
		OBJ_321 /* NewConfiguration.swift in Sources */ = {isa = PBXBuildFile; fileRef = OBJ_105 /* NewConfiguration.swift */; };
		OBJ_322 /* NewConfigurationGroup.swift in Sources */ = {isa = PBXBuildFile; fileRef = OBJ_106 /* NewConfigurationGroup.swift */; };
		OBJ_323 /* NewMilestone.swift in Sources */ = {isa = PBXBuildFile; fileRef = OBJ_107 /* NewMilestone.swift */; };
		OBJ_324 /* NewPlan.Entry.Run.swift in Sources */ = {isa = PBXBuildFile; fileRef = OBJ_108 /* NewPlan.Entry.Run.swift */; };
		OBJ_325 /* NewPlan.Entry.swift in Sources */ = {isa = PBXBuildFile; fileRef = OBJ_109 /* NewPlan.Entry.swift */; };
		OBJ_326 /* NewPlan.swift in Sources */ = {isa = PBXBuildFile; fileRef = OBJ_110 /* NewPlan.swift */; };
		OBJ_327 /* NewProject.swift in Sources */ = {isa = PBXBuildFile; fileRef = OBJ_111 /* NewProject.swift */; };
		OBJ_328 /* NewResult.swift in Sources */ = {isa = PBXBuildFile; fileRef = OBJ_112 /* NewResult.swift */; };
		OBJ_329 /* NewRun.swift in Sources */ = {isa = PBXBuildFile; fileRef = OBJ_113 /* NewRun.swift */; };
		OBJ_330 /* NewSection.swift in Sources */ = {isa = PBXBuildFile; fileRef = OBJ_114 /* NewSection.swift */; };
		OBJ_331 /* NewSuite.swift in Sources */ = {isa = PBXBuildFile; fileRef = OBJ_115 /* NewSuite.swift */; };
		OBJ_332 /* NewTestResults.Result.swift in Sources */ = {isa = PBXBuildFile; fileRef = OBJ_116 /* NewTestResults.Result.swift */; };
		OBJ_333 /* NewTestResults.swift in Sources */ = {isa = PBXBuildFile; fileRef = OBJ_117 /* NewTestResults.swift */; };
		OBJ_334 /* UpdatePlanEntryRuns.swift in Sources */ = {isa = PBXBuildFile; fileRef = OBJ_119 /* UpdatePlanEntryRuns.swift */; };
		OBJ_335 /* ObjectAPI.swift in Sources */ = {isa = PBXBuildFile; fileRef = OBJ_120 /* ObjectAPI.swift */; };
		OBJ_336 /* GetConfigurationGroupsOperation.swift in Sources */ = {isa = PBXBuildFile; fileRef = OBJ_122 /* GetConfigurationGroupsOperation.swift */; };
		OBJ_337 /* GetProjectOperation.swift in Sources */ = {isa = PBXBuildFile; fileRef = OBJ_123 /* GetProjectOperation.swift */; };
		OBJ_338 /* GetTemplatesOperation.swift in Sources */ = {isa = PBXBuildFile; fileRef = OBJ_124 /* GetTemplatesOperation.swift */; };
		OBJ_345 /* Package.swift in Sources */ = {isa = PBXBuildFile; fileRef = OBJ_6 /* Package.swift */; };
		OBJ_356 /* CustomFieldsContainerTests.swift in Sources */ = {isa = PBXBuildFile; fileRef = OBJ_132 /* CustomFieldsContainerTests.swift */; };
		OBJ_357 /* ErrorContainerTests.swift in Sources */ = {isa = PBXBuildFile; fileRef = OBJ_133 /* ErrorContainerTests.swift */; };
		OBJ_358 /* JSONDictionaryContainerTests.swift in Sources */ = {isa = PBXBuildFile; fileRef = OBJ_134 /* JSONDictionaryContainerTests.swift */; };
		OBJ_359 /* Array+RandomTests.swift in Sources */ = {isa = PBXBuildFile; fileRef = OBJ_136 /* Array+RandomTests.swift */; };
		OBJ_360 /* AsyncOperationTests.swift in Sources */ = {isa = PBXBuildFile; fileRef = OBJ_138 /* AsyncOperationTests.swift */; };
		OBJ_361 /* CaseFieldTests.swift in Sources */ = {isa = PBXBuildFile; fileRef = OBJ_140 /* CaseFieldTests.swift */; };
		OBJ_362 /* CaseTests.swift in Sources */ = {isa = PBXBuildFile; fileRef = OBJ_141 /* CaseTests.swift */; };
		OBJ_363 /* CaseTypeTests.swift in Sources */ = {isa = PBXBuildFile; fileRef = OBJ_142 /* CaseTypeTests.swift */; };
		OBJ_364 /* ConfigurationGroupTests.swift in Sources */ = {isa = PBXBuildFile; fileRef = OBJ_143 /* ConfigurationGroupTests.swift */; };
		OBJ_365 /* ConfigurationTests.swift in Sources */ = {isa = PBXBuildFile; fileRef = OBJ_144 /* ConfigurationTests.swift */; };
		OBJ_366 /* Config.ContextTests.swift in Sources */ = {isa = PBXBuildFile; fileRef = OBJ_146 /* Config.ContextTests.swift */; };
		OBJ_367 /* ConfigTests.swift in Sources */ = {isa = PBXBuildFile; fileRef = OBJ_147 /* ConfigTests.swift */; };
		OBJ_368 /* MilestoneTests.swift in Sources */ = {isa = PBXBuildFile; fileRef = OBJ_148 /* MilestoneTests.swift */; };
		OBJ_369 /* Plan.EntryTests.swift in Sources */ = {isa = PBXBuildFile; fileRef = OBJ_149 /* Plan.EntryTests.swift */; };
		OBJ_370 /* PlanTests.swift in Sources */ = {isa = PBXBuildFile; fileRef = OBJ_150 /* PlanTests.swift */; };
		OBJ_371 /* PriorityTests.swift in Sources */ = {isa = PBXBuildFile; fileRef = OBJ_151 /* PriorityTests.swift */; };
		OBJ_372 /* ProjectTests.swift in Sources */ = {isa = PBXBuildFile; fileRef = OBJ_152 /* ProjectTests.swift */; };
		OBJ_373 /* ResultFieldTests.swift in Sources */ = {isa = PBXBuildFile; fileRef = OBJ_153 /* ResultFieldTests.swift */; };
		OBJ_374 /* ResultTests.swift in Sources */ = {isa = PBXBuildFile; fileRef = OBJ_154 /* ResultTests.swift */; };
		OBJ_375 /* RunTests.swift in Sources */ = {isa = PBXBuildFile; fileRef = OBJ_155 /* RunTests.swift */; };
		OBJ_376 /* SectionTests.swift in Sources */ = {isa = PBXBuildFile; fileRef = OBJ_156 /* SectionTests.swift */; };
		OBJ_377 /* StatusTests.swift in Sources */ = {isa = PBXBuildFile; fileRef = OBJ_157 /* StatusTests.swift */; };
		OBJ_378 /* SuiteTests.swift in Sources */ = {isa = PBXBuildFile; fileRef = OBJ_158 /* SuiteTests.swift */; };
		OBJ_379 /* TemplateTests.swift in Sources */ = {isa = PBXBuildFile; fileRef = OBJ_159 /* TemplateTests.swift */; };
		OBJ_380 /* TestTests.swift in Sources */ = {isa = PBXBuildFile; fileRef = OBJ_160 /* TestTests.swift */; };
		OBJ_381 /* ModelTests.swift in Sources */ = {isa = PBXBuildFile; fileRef = OBJ_162 /* ModelTests.swift */; };
		OBJ_382 /* CustomFieldTypeTests.swift in Sources */ = {isa = PBXBuildFile; fileRef = OBJ_164 /* CustomFieldTypeTests.swift */; };
		OBJ_383 /* Project.SuiteModeTests.swift in Sources */ = {isa = PBXBuildFile; fileRef = OBJ_165 /* Project.SuiteModeTests.swift */; };
		OBJ_384 /* UniqueSelectionTests.swift in Sources */ = {isa = PBXBuildFile; fileRef = OBJ_166 /* UniqueSelectionTests.swift */; };
		OBJ_385 /* UserTests.swift in Sources */ = {isa = PBXBuildFile; fileRef = OBJ_167 /* UserTests.swift */; };
		OBJ_386 /* FilterTests.swift in Sources */ = {isa = PBXBuildFile; fileRef = OBJ_170 /* FilterTests.swift */; };
		OBJ_387 /* NewCheckboxCaseFieldTests.swift in Sources */ = {isa = PBXBuildFile; fileRef = OBJ_174 /* NewCheckboxCaseFieldTests.swift */; };
		OBJ_388 /* NewDateCaseFieldTests.swift in Sources */ = {isa = PBXBuildFile; fileRef = OBJ_175 /* NewDateCaseFieldTests.swift */; };
		OBJ_389 /* NewDropdownCaseFieldTests.swift in Sources */ = {isa = PBXBuildFile; fileRef = OBJ_176 /* NewDropdownCaseFieldTests.swift */; };
		OBJ_390 /* NewIntegerCaseFieldTests.swift in Sources */ = {isa = PBXBuildFile; fileRef = OBJ_177 /* NewIntegerCaseFieldTests.swift */; };
		OBJ_391 /* NewMilestoneCaseFieldTests.swift in Sources */ = {isa = PBXBuildFile; fileRef = OBJ_178 /* NewMilestoneCaseFieldTests.swift */; };
		OBJ_392 /* NewMultiselectCaseFieldTests.swift in Sources */ = {isa = PBXBuildFile; fileRef = OBJ_179 /* NewMultiselectCaseFieldTests.swift */; };
		OBJ_393 /* NewStepsCaseFieldTests.swift in Sources */ = {isa = PBXBuildFile; fileRef = OBJ_180 /* NewStepsCaseFieldTests.swift */; };
		OBJ_394 /* NewStringCaseFieldTests.swift in Sources */ = {isa = PBXBuildFile; fileRef = OBJ_181 /* NewStringCaseFieldTests.swift */; };
		OBJ_395 /* NewTextCaseFieldTests.swift in Sources */ = {isa = PBXBuildFile; fileRef = OBJ_182 /* NewTextCaseFieldTests.swift */; };
		OBJ_396 /* NewURLCaseFieldTests.swift in Sources */ = {isa = PBXBuildFile; fileRef = OBJ_183 /* NewURLCaseFieldTests.swift */; };
		OBJ_397 /* NewUserCaseFieldTests.swift in Sources */ = {isa = PBXBuildFile; fileRef = OBJ_184 /* NewUserCaseFieldTests.swift */; };
		OBJ_398 /* NewCaseResults.ResultTests.swift in Sources */ = {isa = PBXBuildFile; fileRef = OBJ_185 /* NewCaseResults.ResultTests.swift */; };
		OBJ_399 /* NewCaseResultsTests.swift in Sources */ = {isa = PBXBuildFile; fileRef = OBJ_186 /* NewCaseResultsTests.swift */; };
		OBJ_400 /* NewCaseTests.swift in Sources */ = {isa = PBXBuildFile; fileRef = OBJ_187 /* NewCaseTests.swift */; };
		OBJ_401 /* NewConfigurationGroupTests.swift in Sources */ = {isa = PBXBuildFile; fileRef = OBJ_188 /* NewConfigurationGroupTests.swift */; };
		OBJ_402 /* NewConfigurationTests.swift in Sources */ = {isa = PBXBuildFile; fileRef = OBJ_189 /* NewConfigurationTests.swift */; };
		OBJ_403 /* NewMilestoneTests.swift in Sources */ = {isa = PBXBuildFile; fileRef = OBJ_190 /* NewMilestoneTests.swift */; };
		OBJ_404 /* NewPlan.Entry.RunTests.swift in Sources */ = {isa = PBXBuildFile; fileRef = OBJ_191 /* NewPlan.Entry.RunTests.swift */; };
		OBJ_405 /* NewPlan.EntryTests.swift in Sources */ = {isa = PBXBuildFile; fileRef = OBJ_192 /* NewPlan.EntryTests.swift */; };
		OBJ_406 /* NewPlanTests.swift in Sources */ = {isa = PBXBuildFile; fileRef = OBJ_193 /* NewPlanTests.swift */; };
		OBJ_407 /* NewProjectTests.swift in Sources */ = {isa = PBXBuildFile; fileRef = OBJ_194 /* NewProjectTests.swift */; };
		OBJ_408 /* NewResultTests.swift in Sources */ = {isa = PBXBuildFile; fileRef = OBJ_195 /* NewResultTests.swift */; };
		OBJ_409 /* NewRunTests.swift in Sources */ = {isa = PBXBuildFile; fileRef = OBJ_196 /* NewRunTests.swift */; };
		OBJ_410 /* NewSectionTests.swift in Sources */ = {isa = PBXBuildFile; fileRef = OBJ_197 /* NewSectionTests.swift */; };
		OBJ_411 /* NewSuiteTests.swift in Sources */ = {isa = PBXBuildFile; fileRef = OBJ_198 /* NewSuiteTests.swift */; };
		OBJ_412 /* NewTestResults.ResultTests.swift in Sources */ = {isa = PBXBuildFile; fileRef = OBJ_199 /* NewTestResults.ResultTests.swift */; };
		OBJ_413 /* NewTestResultsTests.swift in Sources */ = {isa = PBXBuildFile; fileRef = OBJ_200 /* NewTestResultsTests.swift */; };
		OBJ_414 /* AddModelTests.swift in Sources */ = {isa = PBXBuildFile; fileRef = OBJ_202 /* AddModelTests.swift */; };
		OBJ_415 /* UpdateModelTests.swift in Sources */ = {isa = PBXBuildFile; fileRef = OBJ_203 /* UpdateModelTests.swift */; };
		OBJ_416 /* UpdatePlanEntryRunsTests.swift in Sources */ = {isa = PBXBuildFile; fileRef = OBJ_205 /* UpdatePlanEntryRunsTests.swift */; };
		OBJ_417 /* ObjectAPITests.swift in Sources */ = {isa = PBXBuildFile; fileRef = OBJ_206 /* ObjectAPITests.swift */; };
		OBJ_418 /* Array+Random.swift in Sources */ = {isa = PBXBuildFile; fileRef = OBJ_208 /* Array+Random.swift */; };
		OBJ_419 /* TestCredentials.swift in Sources */ = {isa = PBXBuildFile; fileRef = OBJ_209 /* TestCredentials.swift */; };
		OBJ_420 /* AssertAddRequestJSON.swift in Sources */ = {isa = PBXBuildFile; fileRef = OBJ_212 /* AssertAddRequestJSON.swift */; };
		OBJ_421 /* AssertCodable.swift in Sources */ = {isa = PBXBuildFile; fileRef = OBJ_213 /* AssertCodable.swift */; };
		OBJ_422 /* AssertCustomFields.swift in Sources */ = {isa = PBXBuildFile; fileRef = OBJ_214 /* AssertCustomFields.swift */; };
		OBJ_423 /* AssertEquatable.swift in Sources */ = {isa = PBXBuildFile; fileRef = OBJ_215 /* AssertEquatable.swift */; };
		OBJ_424 /* AssertJSONDeserializing.swift in Sources */ = {isa = PBXBuildFile; fileRef = OBJ_216 /* AssertJSONDeserializing.swift */; };
		OBJ_425 /* AssertJSONSerializing.swift in Sources */ = {isa = PBXBuildFile; fileRef = OBJ_217 /* AssertJSONSerializing.swift */; };
		OBJ_426 /* AssertJSONTwoWaySerialization.swift in Sources */ = {isa = PBXBuildFile; fileRef = OBJ_218 /* AssertJSONTwoWaySerialization.swift */; };
		OBJ_427 /* AssertProperties.swift in Sources */ = {isa = PBXBuildFile; fileRef = OBJ_219 /* AssertProperties.swift */; };
		OBJ_428 /* AssertUpdateRequestJSON.swift in Sources */ = {isa = PBXBuildFile; fileRef = OBJ_220 /* AssertUpdateRequestJSON.swift */; };
		OBJ_429 /* AssertValidatable.swift in Sources */ = {isa = PBXBuildFile; fileRef = OBJ_221 /* AssertValidatable.swift */; };
		OBJ_430 /* CustomFieldsDataProvider.swift in Sources */ = {isa = PBXBuildFile; fileRef = OBJ_223 /* CustomFieldsDataProvider.swift */; };
		OBJ_431 /* JSONDataProvider.swift in Sources */ = {isa = PBXBuildFile; fileRef = OBJ_224 /* JSONDataProvider.swift */; };
		OBJ_432 /* ObjectProvider.swift in Sources */ = {isa = PBXBuildFile; fileRef = OBJ_225 /* ObjectProvider.swift */; };
		OBJ_433 /* ValidatableObjectProvider.swift in Sources */ = {isa = PBXBuildFile; fileRef = OBJ_226 /* ValidatableObjectProvider.swift */; };
		OBJ_434 /* AddRequestJSONTests.swift in Sources */ = {isa = PBXBuildFile; fileRef = OBJ_228 /* AddRequestJSONTests.swift */; };
		OBJ_435 /* CodableTests.swift in Sources */ = {isa = PBXBuildFile; fileRef = OBJ_229 /* CodableTests.swift */; };
		OBJ_436 /* EquatableTests.swift in Sources */ = {isa = PBXBuildFile; fileRef = OBJ_230 /* EquatableTests.swift */; };
		OBJ_437 /* InitTests.swift in Sources */ = {isa = PBXBuildFile; fileRef = OBJ_231 /* InitTests.swift */; };
		OBJ_438 /* JSONDeserializingTests.swift in Sources */ = {isa = PBXBuildFile; fileRef = OBJ_232 /* JSONDeserializingTests.swift */; };
		OBJ_439 /* JSONSerializingTests.swift in Sources */ = {isa = PBXBuildFile; fileRef = OBJ_233 /* JSONSerializingTests.swift */; };
		OBJ_440 /* JSONTwoWaySerializationTests.swift in Sources */ = {isa = PBXBuildFile; fileRef = OBJ_234 /* JSONTwoWaySerializationTests.swift */; };
		OBJ_441 /* UpdateRequestJSONTests.swift in Sources */ = {isa = PBXBuildFile; fileRef = OBJ_235 /* UpdateRequestJSONTests.swift */; };
		OBJ_442 /* ValidatableTests.swift in Sources */ = {isa = PBXBuildFile; fileRef = OBJ_236 /* ValidatableTests.swift */; };
		OBJ_443 /* VariablePropertyTests.swift in Sources */ = {isa = PBXBuildFile; fileRef = OBJ_237 /* VariablePropertyTests.swift */; };
		OBJ_445 /* QuizTrain.framework in Frameworks */ = {isa = PBXBuildFile; fileRef = "QuizTrain::QuizTrain::Product" /* QuizTrain.framework */; };
/* End PBXBuildFile section */

/* Begin PBXContainerItemProxy section */
		D0EDEC082681A24F006C3CCF /* PBXContainerItemProxy */ = {
			isa = PBXContainerItemProxy;
			containerPortal = OBJ_1 /* Project object */;
			proxyType = 1;
			remoteGlobalIDString = "QuizTrain::QuizTrain";
			remoteInfo = QuizTrain;
		};
		D0EDEC092681A25C006C3CCF /* PBXContainerItemProxy */ = {
			isa = PBXContainerItemProxy;
			containerPortal = OBJ_1 /* Project object */;
			proxyType = 1;
			remoteGlobalIDString = "QuizTrain::QuizTrainTests";
			remoteInfo = QuizTrainTests;
		};
/* End PBXContainerItemProxy section */

/* Begin PBXFileReference section */
		D088A3EA2681ACA7009FDB2A /* TestCredentials.json */ = {isa = PBXFileReference; fileEncoding = 4; lastKnownFileType = text.json; path = TestCredentials.json; sourceTree = "<group>"; };
		OBJ_10 /* Info.plist */ = {isa = PBXFileReference; lastKnownFileType = text.plist.xml; path = Info.plist; sourceTree = "<group>"; };
		OBJ_100 /* NewCaseFieldConfigOptions.swift */ = {isa = PBXFileReference; lastKnownFileType = sourcecode.swift; path = NewCaseFieldConfigOptions.swift; sourceTree = "<group>"; };
		OBJ_101 /* NewCaseFieldData.swift */ = {isa = PBXFileReference; lastKnownFileType = sourcecode.swift; path = NewCaseFieldData.swift; sourceTree = "<group>"; };
		OBJ_102 /* NewCaseFieldType.swift */ = {isa = PBXFileReference; lastKnownFileType = sourcecode.swift; path = NewCaseFieldType.swift; sourceTree = "<group>"; };
		OBJ_103 /* NewCaseResults.Result.swift */ = {isa = PBXFileReference; lastKnownFileType = sourcecode.swift; path = NewCaseResults.Result.swift; sourceTree = "<group>"; };
		OBJ_104 /* NewCaseResults.swift */ = {isa = PBXFileReference; lastKnownFileType = sourcecode.swift; path = NewCaseResults.swift; sourceTree = "<group>"; };
		OBJ_105 /* NewConfiguration.swift */ = {isa = PBXFileReference; lastKnownFileType = sourcecode.swift; path = NewConfiguration.swift; sourceTree = "<group>"; };
		OBJ_106 /* NewConfigurationGroup.swift */ = {isa = PBXFileReference; lastKnownFileType = sourcecode.swift; path = NewConfigurationGroup.swift; sourceTree = "<group>"; };
		OBJ_107 /* NewMilestone.swift */ = {isa = PBXFileReference; lastKnownFileType = sourcecode.swift; path = NewMilestone.swift; sourceTree = "<group>"; };
		OBJ_108 /* NewPlan.Entry.Run.swift */ = {isa = PBXFileReference; lastKnownFileType = sourcecode.swift; path = NewPlan.Entry.Run.swift; sourceTree = "<group>"; };
		OBJ_109 /* NewPlan.Entry.swift */ = {isa = PBXFileReference; lastKnownFileType = sourcecode.swift; path = NewPlan.Entry.swift; sourceTree = "<group>"; };
		OBJ_110 /* NewPlan.swift */ = {isa = PBXFileReference; lastKnownFileType = sourcecode.swift; path = NewPlan.swift; sourceTree = "<group>"; };
		OBJ_111 /* NewProject.swift */ = {isa = PBXFileReference; lastKnownFileType = sourcecode.swift; path = NewProject.swift; sourceTree = "<group>"; };
		OBJ_112 /* NewResult.swift */ = {isa = PBXFileReference; lastKnownFileType = sourcecode.swift; path = NewResult.swift; sourceTree = "<group>"; };
		OBJ_113 /* NewRun.swift */ = {isa = PBXFileReference; lastKnownFileType = sourcecode.swift; path = NewRun.swift; sourceTree = "<group>"; };
		OBJ_114 /* NewSection.swift */ = {isa = PBXFileReference; lastKnownFileType = sourcecode.swift; path = NewSection.swift; sourceTree = "<group>"; };
		OBJ_115 /* NewSuite.swift */ = {isa = PBXFileReference; lastKnownFileType = sourcecode.swift; path = NewSuite.swift; sourceTree = "<group>"; };
		OBJ_116 /* NewTestResults.Result.swift */ = {isa = PBXFileReference; lastKnownFileType = sourcecode.swift; path = NewTestResults.Result.swift; sourceTree = "<group>"; };
		OBJ_117 /* NewTestResults.swift */ = {isa = PBXFileReference; lastKnownFileType = sourcecode.swift; path = NewTestResults.swift; sourceTree = "<group>"; };
		OBJ_119 /* UpdatePlanEntryRuns.swift */ = {isa = PBXFileReference; lastKnownFileType = sourcecode.swift; path = UpdatePlanEntryRuns.swift; sourceTree = "<group>"; };
		OBJ_120 /* ObjectAPI.swift */ = {isa = PBXFileReference; lastKnownFileType = sourcecode.swift; path = ObjectAPI.swift; sourceTree = "<group>"; };
		OBJ_122 /* GetConfigurationGroupsOperation.swift */ = {isa = PBXFileReference; lastKnownFileType = sourcecode.swift; path = GetConfigurationGroupsOperation.swift; sourceTree = "<group>"; };
		OBJ_123 /* GetProjectOperation.swift */ = {isa = PBXFileReference; lastKnownFileType = sourcecode.swift; path = GetProjectOperation.swift; sourceTree = "<group>"; };
		OBJ_124 /* GetTemplatesOperation.swift */ = {isa = PBXFileReference; lastKnownFileType = sourcecode.swift; path = GetTemplatesOperation.swift; sourceTree = "<group>"; };
		OBJ_127 /* README.md */ = {isa = PBXFileReference; lastKnownFileType = net.daringfireball.markdown; path = README.md; sourceTree = "<group>"; };
		OBJ_128 /* Info.plist */ = {isa = PBXFileReference; lastKnownFileType = text.plist.xml; path = Info.plist; sourceTree = "<group>"; };
		OBJ_13 /* AddRequestJSON.swift */ = {isa = PBXFileReference; lastKnownFileType = sourcecode.swift; path = AddRequestJSON.swift; sourceTree = "<group>"; };
		OBJ_132 /* CustomFieldsContainerTests.swift */ = {isa = PBXFileReference; lastKnownFileType = sourcecode.swift; path = CustomFieldsContainerTests.swift; sourceTree = "<group>"; };
		OBJ_133 /* ErrorContainerTests.swift */ = {isa = PBXFileReference; lastKnownFileType = sourcecode.swift; path = ErrorContainerTests.swift; sourceTree = "<group>"; };
		OBJ_134 /* JSONDictionaryContainerTests.swift */ = {isa = PBXFileReference; lastKnownFileType = sourcecode.swift; path = JSONDictionaryContainerTests.swift; sourceTree = "<group>"; };
		OBJ_136 /* Array+RandomTests.swift */ = {isa = PBXFileReference; lastKnownFileType = sourcecode.swift; path = "Array+RandomTests.swift"; sourceTree = "<group>"; };
		OBJ_138 /* AsyncOperationTests.swift */ = {isa = PBXFileReference; lastKnownFileType = sourcecode.swift; path = AsyncOperationTests.swift; sourceTree = "<group>"; };
		OBJ_14 /* AddRequestJSONKeys.swift */ = {isa = PBXFileReference; lastKnownFileType = sourcecode.swift; path = AddRequestJSONKeys.swift; sourceTree = "<group>"; };
		OBJ_140 /* CaseFieldTests.swift */ = {isa = PBXFileReference; lastKnownFileType = sourcecode.swift; path = CaseFieldTests.swift; sourceTree = "<group>"; };
		OBJ_141 /* CaseTests.swift */ = {isa = PBXFileReference; lastKnownFileType = sourcecode.swift; path = CaseTests.swift; sourceTree = "<group>"; };
		OBJ_142 /* CaseTypeTests.swift */ = {isa = PBXFileReference; lastKnownFileType = sourcecode.swift; path = CaseTypeTests.swift; sourceTree = "<group>"; };
		OBJ_143 /* ConfigurationGroupTests.swift */ = {isa = PBXFileReference; lastKnownFileType = sourcecode.swift; path = ConfigurationGroupTests.swift; sourceTree = "<group>"; };
		OBJ_144 /* ConfigurationTests.swift */ = {isa = PBXFileReference; lastKnownFileType = sourcecode.swift; path = ConfigurationTests.swift; sourceTree = "<group>"; };
		OBJ_146 /* Config.ContextTests.swift */ = {isa = PBXFileReference; lastKnownFileType = sourcecode.swift; path = Config.ContextTests.swift; sourceTree = "<group>"; };
		OBJ_147 /* ConfigTests.swift */ = {isa = PBXFileReference; lastKnownFileType = sourcecode.swift; path = ConfigTests.swift; sourceTree = "<group>"; };
		OBJ_148 /* MilestoneTests.swift */ = {isa = PBXFileReference; lastKnownFileType = sourcecode.swift; path = MilestoneTests.swift; sourceTree = "<group>"; };
		OBJ_149 /* Plan.EntryTests.swift */ = {isa = PBXFileReference; lastKnownFileType = sourcecode.swift; path = Plan.EntryTests.swift; sourceTree = "<group>"; };
		OBJ_150 /* PlanTests.swift */ = {isa = PBXFileReference; lastKnownFileType = sourcecode.swift; path = PlanTests.swift; sourceTree = "<group>"; };
		OBJ_151 /* PriorityTests.swift */ = {isa = PBXFileReference; lastKnownFileType = sourcecode.swift; path = PriorityTests.swift; sourceTree = "<group>"; };
		OBJ_152 /* ProjectTests.swift */ = {isa = PBXFileReference; lastKnownFileType = sourcecode.swift; path = ProjectTests.swift; sourceTree = "<group>"; };
		OBJ_153 /* ResultFieldTests.swift */ = {isa = PBXFileReference; lastKnownFileType = sourcecode.swift; path = ResultFieldTests.swift; sourceTree = "<group>"; };
		OBJ_154 /* ResultTests.swift */ = {isa = PBXFileReference; lastKnownFileType = sourcecode.swift; path = ResultTests.swift; sourceTree = "<group>"; };
		OBJ_155 /* RunTests.swift */ = {isa = PBXFileReference; lastKnownFileType = sourcecode.swift; path = RunTests.swift; sourceTree = "<group>"; };
		OBJ_156 /* SectionTests.swift */ = {isa = PBXFileReference; lastKnownFileType = sourcecode.swift; path = SectionTests.swift; sourceTree = "<group>"; };
		OBJ_157 /* StatusTests.swift */ = {isa = PBXFileReference; lastKnownFileType = sourcecode.swift; path = StatusTests.swift; sourceTree = "<group>"; };
		OBJ_158 /* SuiteTests.swift */ = {isa = PBXFileReference; lastKnownFileType = sourcecode.swift; path = SuiteTests.swift; sourceTree = "<group>"; };
		OBJ_159 /* TemplateTests.swift */ = {isa = PBXFileReference; lastKnownFileType = sourcecode.swift; path = TemplateTests.swift; sourceTree = "<group>"; };
		OBJ_160 /* TestTests.swift */ = {isa = PBXFileReference; lastKnownFileType = sourcecode.swift; path = TestTests.swift; sourceTree = "<group>"; };
		OBJ_162 /* ModelTests.swift */ = {isa = PBXFileReference; lastKnownFileType = sourcecode.swift; path = ModelTests.swift; sourceTree = "<group>"; };
		OBJ_164 /* CustomFieldTypeTests.swift */ = {isa = PBXFileReference; lastKnownFileType = sourcecode.swift; path = CustomFieldTypeTests.swift; sourceTree = "<group>"; };
		OBJ_165 /* Project.SuiteModeTests.swift */ = {isa = PBXFileReference; lastKnownFileType = sourcecode.swift; path = Project.SuiteModeTests.swift; sourceTree = "<group>"; };
		OBJ_166 /* UniqueSelectionTests.swift */ = {isa = PBXFileReference; lastKnownFileType = sourcecode.swift; path = UniqueSelectionTests.swift; sourceTree = "<group>"; };
		OBJ_167 /* UserTests.swift */ = {isa = PBXFileReference; lastKnownFileType = sourcecode.swift; path = UserTests.swift; sourceTree = "<group>"; };
		OBJ_17 /* CustomFieldsContainer.swift */ = {isa = PBXFileReference; lastKnownFileType = sourcecode.swift; path = CustomFieldsContainer.swift; sourceTree = "<group>"; };
		OBJ_170 /* FilterTests.swift */ = {isa = PBXFileReference; lastKnownFileType = sourcecode.swift; path = FilterTests.swift; sourceTree = "<group>"; };
		OBJ_174 /* NewCheckboxCaseFieldTests.swift */ = {isa = PBXFileReference; lastKnownFileType = sourcecode.swift; path = NewCheckboxCaseFieldTests.swift; sourceTree = "<group>"; };
		OBJ_175 /* NewDateCaseFieldTests.swift */ = {isa = PBXFileReference; lastKnownFileType = sourcecode.swift; path = NewDateCaseFieldTests.swift; sourceTree = "<group>"; };
		OBJ_176 /* NewDropdownCaseFieldTests.swift */ = {isa = PBXFileReference; lastKnownFileType = sourcecode.swift; path = NewDropdownCaseFieldTests.swift; sourceTree = "<group>"; };
		OBJ_177 /* NewIntegerCaseFieldTests.swift */ = {isa = PBXFileReference; lastKnownFileType = sourcecode.swift; path = NewIntegerCaseFieldTests.swift; sourceTree = "<group>"; };
		OBJ_178 /* NewMilestoneCaseFieldTests.swift */ = {isa = PBXFileReference; lastKnownFileType = sourcecode.swift; path = NewMilestoneCaseFieldTests.swift; sourceTree = "<group>"; };
		OBJ_179 /* NewMultiselectCaseFieldTests.swift */ = {isa = PBXFileReference; lastKnownFileType = sourcecode.swift; path = NewMultiselectCaseFieldTests.swift; sourceTree = "<group>"; };
		OBJ_18 /* ErrorContainer.swift */ = {isa = PBXFileReference; lastKnownFileType = sourcecode.swift; path = ErrorContainer.swift; sourceTree = "<group>"; };
		OBJ_180 /* NewStepsCaseFieldTests.swift */ = {isa = PBXFileReference; lastKnownFileType = sourcecode.swift; path = NewStepsCaseFieldTests.swift; sourceTree = "<group>"; };
		OBJ_181 /* NewStringCaseFieldTests.swift */ = {isa = PBXFileReference; lastKnownFileType = sourcecode.swift; path = NewStringCaseFieldTests.swift; sourceTree = "<group>"; };
		OBJ_182 /* NewTextCaseFieldTests.swift */ = {isa = PBXFileReference; lastKnownFileType = sourcecode.swift; path = NewTextCaseFieldTests.swift; sourceTree = "<group>"; };
		OBJ_183 /* NewURLCaseFieldTests.swift */ = {isa = PBXFileReference; lastKnownFileType = sourcecode.swift; path = NewURLCaseFieldTests.swift; sourceTree = "<group>"; };
		OBJ_184 /* NewUserCaseFieldTests.swift */ = {isa = PBXFileReference; lastKnownFileType = sourcecode.swift; path = NewUserCaseFieldTests.swift; sourceTree = "<group>"; };
		OBJ_185 /* NewCaseResults.ResultTests.swift */ = {isa = PBXFileReference; lastKnownFileType = sourcecode.swift; path = NewCaseResults.ResultTests.swift; sourceTree = "<group>"; };
		OBJ_186 /* NewCaseResultsTests.swift */ = {isa = PBXFileReference; lastKnownFileType = sourcecode.swift; path = NewCaseResultsTests.swift; sourceTree = "<group>"; };
		OBJ_187 /* NewCaseTests.swift */ = {isa = PBXFileReference; lastKnownFileType = sourcecode.swift; path = NewCaseTests.swift; sourceTree = "<group>"; };
		OBJ_188 /* NewConfigurationGroupTests.swift */ = {isa = PBXFileReference; lastKnownFileType = sourcecode.swift; path = NewConfigurationGroupTests.swift; sourceTree = "<group>"; };
		OBJ_189 /* NewConfigurationTests.swift */ = {isa = PBXFileReference; lastKnownFileType = sourcecode.swift; path = NewConfigurationTests.swift; sourceTree = "<group>"; };
		OBJ_19 /* JSONDictionaryContainer.swift */ = {isa = PBXFileReference; lastKnownFileType = sourcecode.swift; path = JSONDictionaryContainer.swift; sourceTree = "<group>"; };
		OBJ_190 /* NewMilestoneTests.swift */ = {isa = PBXFileReference; lastKnownFileType = sourcecode.swift; path = NewMilestoneTests.swift; sourceTree = "<group>"; };
		OBJ_191 /* NewPlan.Entry.RunTests.swift */ = {isa = PBXFileReference; lastKnownFileType = sourcecode.swift; path = NewPlan.Entry.RunTests.swift; sourceTree = "<group>"; };
		OBJ_192 /* NewPlan.EntryTests.swift */ = {isa = PBXFileReference; lastKnownFileType = sourcecode.swift; path = NewPlan.EntryTests.swift; sourceTree = "<group>"; };
		OBJ_193 /* NewPlanTests.swift */ = {isa = PBXFileReference; lastKnownFileType = sourcecode.swift; path = NewPlanTests.swift; sourceTree = "<group>"; };
		OBJ_194 /* NewProjectTests.swift */ = {isa = PBXFileReference; lastKnownFileType = sourcecode.swift; path = NewProjectTests.swift; sourceTree = "<group>"; };
		OBJ_195 /* NewResultTests.swift */ = {isa = PBXFileReference; lastKnownFileType = sourcecode.swift; path = NewResultTests.swift; sourceTree = "<group>"; };
		OBJ_196 /* NewRunTests.swift */ = {isa = PBXFileReference; lastKnownFileType = sourcecode.swift; path = NewRunTests.swift; sourceTree = "<group>"; };
		OBJ_197 /* NewSectionTests.swift */ = {isa = PBXFileReference; lastKnownFileType = sourcecode.swift; path = NewSectionTests.swift; sourceTree = "<group>"; };
		OBJ_198 /* NewSuiteTests.swift */ = {isa = PBXFileReference; lastKnownFileType = sourcecode.swift; path = NewSuiteTests.swift; sourceTree = "<group>"; };
		OBJ_199 /* NewTestResults.ResultTests.swift */ = {isa = PBXFileReference; lastKnownFileType = sourcecode.swift; path = NewTestResults.ResultTests.swift; sourceTree = "<group>"; };
		OBJ_200 /* NewTestResultsTests.swift */ = {isa = PBXFileReference; lastKnownFileType = sourcecode.swift; path = NewTestResultsTests.swift; sourceTree = "<group>"; };
		OBJ_202 /* AddModelTests.swift */ = {isa = PBXFileReference; lastKnownFileType = sourcecode.swift; path = AddModelTests.swift; sourceTree = "<group>"; };
		OBJ_203 /* UpdateModelTests.swift */ = {isa = PBXFileReference; lastKnownFileType = sourcecode.swift; path = UpdateModelTests.swift; sourceTree = "<group>"; };
		OBJ_205 /* UpdatePlanEntryRunsTests.swift */ = {isa = PBXFileReference; lastKnownFileType = sourcecode.swift; path = UpdatePlanEntryRunsTests.swift; sourceTree = "<group>"; };
		OBJ_206 /* ObjectAPITests.swift */ = {isa = PBXFileReference; lastKnownFileType = sourcecode.swift; path = ObjectAPITests.swift; sourceTree = "<group>"; };
		OBJ_208 /* Array+Random.swift */ = {isa = PBXFileReference; lastKnownFileType = sourcecode.swift; path = "Array+Random.swift"; sourceTree = "<group>"; };
		OBJ_209 /* TestCredentials.swift */ = {isa = PBXFileReference; lastKnownFileType = sourcecode.swift; path = TestCredentials.swift; sourceTree = "<group>"; };
		OBJ_21 /* CustomFields.swift */ = {isa = PBXFileReference; lastKnownFileType = sourcecode.swift; path = CustomFields.swift; sourceTree = "<group>"; };
		OBJ_212 /* AssertAddRequestJSON.swift */ = {isa = PBXFileReference; lastKnownFileType = sourcecode.swift; path = AssertAddRequestJSON.swift; sourceTree = "<group>"; };
		OBJ_213 /* AssertCodable.swift */ = {isa = PBXFileReference; lastKnownFileType = sourcecode.swift; path = AssertCodable.swift; sourceTree = "<group>"; };
		OBJ_214 /* AssertCustomFields.swift */ = {isa = PBXFileReference; lastKnownFileType = sourcecode.swift; path = AssertCustomFields.swift; sourceTree = "<group>"; };
		OBJ_215 /* AssertEquatable.swift */ = {isa = PBXFileReference; lastKnownFileType = sourcecode.swift; path = AssertEquatable.swift; sourceTree = "<group>"; };
		OBJ_216 /* AssertJSONDeserializing.swift */ = {isa = PBXFileReference; lastKnownFileType = sourcecode.swift; path = AssertJSONDeserializing.swift; sourceTree = "<group>"; };
		OBJ_217 /* AssertJSONSerializing.swift */ = {isa = PBXFileReference; lastKnownFileType = sourcecode.swift; path = AssertJSONSerializing.swift; sourceTree = "<group>"; };
		OBJ_218 /* AssertJSONTwoWaySerialization.swift */ = {isa = PBXFileReference; lastKnownFileType = sourcecode.swift; path = AssertJSONTwoWaySerialization.swift; sourceTree = "<group>"; };
		OBJ_219 /* AssertProperties.swift */ = {isa = PBXFileReference; lastKnownFileType = sourcecode.swift; path = AssertProperties.swift; sourceTree = "<group>"; };
		OBJ_22 /* MutableCustomFields.swift */ = {isa = PBXFileReference; lastKnownFileType = sourcecode.swift; path = MutableCustomFields.swift; sourceTree = "<group>"; };
		OBJ_220 /* AssertUpdateRequestJSON.swift */ = {isa = PBXFileReference; lastKnownFileType = sourcecode.swift; path = AssertUpdateRequestJSON.swift; sourceTree = "<group>"; };
		OBJ_221 /* AssertValidatable.swift */ = {isa = PBXFileReference; lastKnownFileType = sourcecode.swift; path = AssertValidatable.swift; sourceTree = "<group>"; };
		OBJ_223 /* CustomFieldsDataProvider.swift */ = {isa = PBXFileReference; lastKnownFileType = sourcecode.swift; path = CustomFieldsDataProvider.swift; sourceTree = "<group>"; };
		OBJ_224 /* JSONDataProvider.swift */ = {isa = PBXFileReference; lastKnownFileType = sourcecode.swift; path = JSONDataProvider.swift; sourceTree = "<group>"; };
		OBJ_225 /* ObjectProvider.swift */ = {isa = PBXFileReference; lastKnownFileType = sourcecode.swift; path = ObjectProvider.swift; sourceTree = "<group>"; };
		OBJ_226 /* ValidatableObjectProvider.swift */ = {isa = PBXFileReference; lastKnownFileType = sourcecode.swift; path = ValidatableObjectProvider.swift; sourceTree = "<group>"; };
		OBJ_228 /* AddRequestJSONTests.swift */ = {isa = PBXFileReference; lastKnownFileType = sourcecode.swift; path = AddRequestJSONTests.swift; sourceTree = "<group>"; };
		OBJ_229 /* CodableTests.swift */ = {isa = PBXFileReference; lastKnownFileType = sourcecode.swift; path = CodableTests.swift; sourceTree = "<group>"; };
		OBJ_230 /* EquatableTests.swift */ = {isa = PBXFileReference; lastKnownFileType = sourcecode.swift; path = EquatableTests.swift; sourceTree = "<group>"; };
		OBJ_231 /* InitTests.swift */ = {isa = PBXFileReference; lastKnownFileType = sourcecode.swift; path = InitTests.swift; sourceTree = "<group>"; };
		OBJ_232 /* JSONDeserializingTests.swift */ = {isa = PBXFileReference; lastKnownFileType = sourcecode.swift; path = JSONDeserializingTests.swift; sourceTree = "<group>"; };
		OBJ_233 /* JSONSerializingTests.swift */ = {isa = PBXFileReference; lastKnownFileType = sourcecode.swift; path = JSONSerializingTests.swift; sourceTree = "<group>"; };
		OBJ_234 /* JSONTwoWaySerializationTests.swift */ = {isa = PBXFileReference; lastKnownFileType = sourcecode.swift; path = JSONTwoWaySerializationTests.swift; sourceTree = "<group>"; };
		OBJ_235 /* UpdateRequestJSONTests.swift */ = {isa = PBXFileReference; lastKnownFileType = sourcecode.swift; path = UpdateRequestJSONTests.swift; sourceTree = "<group>"; };
		OBJ_236 /* ValidatableTests.swift */ = {isa = PBXFileReference; lastKnownFileType = sourcecode.swift; path = ValidatableTests.swift; sourceTree = "<group>"; };
		OBJ_237 /* VariablePropertyTests.swift */ = {isa = PBXFileReference; lastKnownFileType = sourcecode.swift; path = VariablePropertyTests.swift; sourceTree = "<group>"; };
		OBJ_24 /* DebugDetails.swift */ = {isa = PBXFileReference; lastKnownFileType = sourcecode.swift; path = DebugDetails.swift; sourceTree = "<group>"; };
		OBJ_241 /* LICENSE */ = {isa = PBXFileReference; lastKnownFileType = text; path = LICENSE; sourceTree = "<group>"; };
		OBJ_242 /* Entities.png */ = {isa = PBXFileReference; lastKnownFileType = image.png; path = Entities.png; sourceTree = "<group>"; };
		OBJ_243 /* ERRORS.md */ = {isa = PBXFileReference; lastKnownFileType = net.daringfireball.markdown; path = ERRORS.md; sourceTree = "<group>"; };
		OBJ_244 /* README.md */ = {isa = PBXFileReference; lastKnownFileType = net.daringfireball.markdown; path = README.md; sourceTree = "<group>"; };
		OBJ_245 /* QuizTrain.podspec */ = {isa = PBXFileReference; lastKnownFileType = text; path = QuizTrain.podspec; sourceTree = "<group>"; };
		OBJ_26 /* MultipleMatchError.swift */ = {isa = PBXFileReference; lastKnownFileType = sourcecode.swift; path = MultipleMatchError.swift; sourceTree = "<group>"; };
		OBJ_27 /* SingleMatchError.swift */ = {isa = PBXFileReference; lastKnownFileType = sourcecode.swift; path = SingleMatchError.swift; sourceTree = "<group>"; };
		OBJ_29 /* Date+Seconds.swift */ = {isa = PBXFileReference; lastKnownFileType = sourcecode.swift; path = "Date+Seconds.swift"; sourceTree = "<group>"; };
		OBJ_31 /* Identifiable.swift */ = {isa = PBXFileReference; lastKnownFileType = sourcecode.swift; path = Identifiable.swift; sourceTree = "<group>"; };
		OBJ_33 /* JSONDeserializable.swift */ = {isa = PBXFileReference; lastKnownFileType = sourcecode.swift; path = JSONDeserializable.swift; sourceTree = "<group>"; };
		OBJ_34 /* JSONDictionary.swift */ = {isa = PBXFileReference; lastKnownFileType = sourcecode.swift; path = JSONDictionary.swift; sourceTree = "<group>"; };
		OBJ_35 /* JSONKey.swift */ = {isa = PBXFileReference; lastKnownFileType = sourcecode.swift; path = JSONKey.swift; sourceTree = "<group>"; };
		OBJ_36 /* JSONSerializable.swift */ = {isa = PBXFileReference; lastKnownFileType = sourcecode.swift; path = JSONSerializable.swift; sourceTree = "<group>"; };
		OBJ_38 /* AsyncOperation.swift */ = {isa = PBXFileReference; lastKnownFileType = sourcecode.swift; path = AsyncOperation.swift; sourceTree = "<group>"; };
		OBJ_39 /* Outcome.swift */ = {isa = PBXFileReference; lastKnownFileType = sourcecode.swift; path = Outcome.swift; sourceTree = "<group>"; };
		OBJ_40 /* QueryItemProvider.swift */ = {isa = PBXFileReference; lastKnownFileType = sourcecode.swift; path = QueryItemProvider.swift; sourceTree = "<group>"; };
		OBJ_41 /* UniqueSelection.swift */ = {isa = PBXFileReference; lastKnownFileType = sourcecode.swift; path = UniqueSelection.swift; sourceTree = "<group>"; };
		OBJ_43 /* UpdateRequestJSON.swift */ = {isa = PBXFileReference; lastKnownFileType = sourcecode.swift; path = UpdateRequestJSON.swift; sourceTree = "<group>"; };
		OBJ_44 /* UpdateRequestJSONKeys.swift */ = {isa = PBXFileReference; lastKnownFileType = sourcecode.swift; path = UpdateRequestJSONKeys.swift; sourceTree = "<group>"; };
		OBJ_46 /* Validatable.swift */ = {isa = PBXFileReference; lastKnownFileType = sourcecode.swift; path = Validatable.swift; sourceTree = "<group>"; };
		OBJ_48 /* Case.swift */ = {isa = PBXFileReference; lastKnownFileType = sourcecode.swift; path = Case.swift; sourceTree = "<group>"; };
		OBJ_49 /* CaseField.swift */ = {isa = PBXFileReference; lastKnownFileType = sourcecode.swift; path = CaseField.swift; sourceTree = "<group>"; };
		OBJ_50 /* CaseType.swift */ = {isa = PBXFileReference; lastKnownFileType = sourcecode.swift; path = CaseType.swift; sourceTree = "<group>"; };
		OBJ_52 /* Config.Context.swift */ = {isa = PBXFileReference; lastKnownFileType = sourcecode.swift; path = Config.Context.swift; sourceTree = "<group>"; };
		OBJ_53 /* Config.swift */ = {isa = PBXFileReference; lastKnownFileType = sourcecode.swift; path = Config.swift; sourceTree = "<group>"; };
		OBJ_54 /* Configuration.swift */ = {isa = PBXFileReference; lastKnownFileType = sourcecode.swift; path = Configuration.swift; sourceTree = "<group>"; };
		OBJ_55 /* ConfigurationGroup.swift */ = {isa = PBXFileReference; lastKnownFileType = sourcecode.swift; path = ConfigurationGroup.swift; sourceTree = "<group>"; };
		OBJ_56 /* Milestone.swift */ = {isa = PBXFileReference; lastKnownFileType = sourcecode.swift; path = Milestone.swift; sourceTree = "<group>"; };
		OBJ_57 /* Plan.Entry.swift */ = {isa = PBXFileReference; lastKnownFileType = sourcecode.swift; path = Plan.Entry.swift; sourceTree = "<group>"; };
		OBJ_58 /* Plan.swift */ = {isa = PBXFileReference; lastKnownFileType = sourcecode.swift; path = Plan.swift; sourceTree = "<group>"; };
		OBJ_59 /* Priority.swift */ = {isa = PBXFileReference; lastKnownFileType = sourcecode.swift; path = Priority.swift; sourceTree = "<group>"; };
		OBJ_6 /* Package.swift */ = {isa = PBXFileReference; explicitFileType = sourcecode.swift; path = Package.swift; sourceTree = "<group>"; };
		OBJ_60 /* Project.swift */ = {isa = PBXFileReference; lastKnownFileType = sourcecode.swift; path = Project.swift; sourceTree = "<group>"; };
		OBJ_61 /* Result.swift */ = {isa = PBXFileReference; lastKnownFileType = sourcecode.swift; path = Result.swift; sourceTree = "<group>"; };
		OBJ_62 /* ResultField.swift */ = {isa = PBXFileReference; lastKnownFileType = sourcecode.swift; path = ResultField.swift; sourceTree = "<group>"; };
		OBJ_63 /* Run.swift */ = {isa = PBXFileReference; lastKnownFileType = sourcecode.swift; path = Run.swift; sourceTree = "<group>"; };
		OBJ_64 /* Section.swift */ = {isa = PBXFileReference; lastKnownFileType = sourcecode.swift; path = Section.swift; sourceTree = "<group>"; };
		OBJ_65 /* Status.swift */ = {isa = PBXFileReference; lastKnownFileType = sourcecode.swift; path = Status.swift; sourceTree = "<group>"; };
		OBJ_66 /* Suite.swift */ = {isa = PBXFileReference; lastKnownFileType = sourcecode.swift; path = Suite.swift; sourceTree = "<group>"; };
		OBJ_67 /* Template.swift */ = {isa = PBXFileReference; lastKnownFileType = sourcecode.swift; path = Template.swift; sourceTree = "<group>"; };
		OBJ_68 /* Test.swift */ = {isa = PBXFileReference; lastKnownFileType = sourcecode.swift; path = Test.swift; sourceTree = "<group>"; };
		OBJ_70 /* CustomFieldType.swift */ = {isa = PBXFileReference; lastKnownFileType = sourcecode.swift; path = CustomFieldType.swift; sourceTree = "<group>"; };
		OBJ_71 /* Project.SuiteMode.swift */ = {isa = PBXFileReference; lastKnownFileType = sourcecode.swift; path = Project.SuiteMode.swift; sourceTree = "<group>"; };
		OBJ_72 /* User.swift */ = {isa = PBXFileReference; lastKnownFileType = sourcecode.swift; path = User.swift; sourceTree = "<group>"; };
		OBJ_74 /* API.swift */ = {isa = PBXFileReference; lastKnownFileType = sourcecode.swift; path = API.swift; sourceTree = "<group>"; };
		OBJ_77 /* API.RequestErrorDebug.swift */ = {isa = PBXFileReference; lastKnownFileType = sourcecode.swift; path = API.RequestErrorDebug.swift; sourceTree = "<group>"; };
		OBJ_78 /* API.RequestResultDebug.swift */ = {isa = PBXFileReference; lastKnownFileType = sourcecode.swift; path = API.RequestResultDebug.swift; sourceTree = "<group>"; };
		OBJ_80 /* ObjectAPI.ClientErrorDebug.swift */ = {isa = PBXFileReference; lastKnownFileType = sourcecode.swift; path = ObjectAPI.ClientErrorDebug.swift; sourceTree = "<group>"; };
		OBJ_81 /* ObjectAPI.DataProcessingErrorDebug.swift */ = {isa = PBXFileReference; lastKnownFileType = sourcecode.swift; path = ObjectAPI.DataProcessingErrorDebug.swift; sourceTree = "<group>"; };
		OBJ_82 /* ObjectAPI.DataRequestErrorDebug.swift */ = {isa = PBXFileReference; lastKnownFileType = sourcecode.swift; path = ObjectAPI.DataRequestErrorDebug.swift; sourceTree = "<group>"; };
		OBJ_83 /* ObjectAPI.MatchErrorDebug.swift */ = {isa = PBXFileReference; lastKnownFileType = sourcecode.swift; path = ObjectAPI.MatchErrorDebug.swift; sourceTree = "<group>"; };
		OBJ_84 /* ObjectAPI.ObjectConversionErrorDebug.swift */ = {isa = PBXFileReference; lastKnownFileType = sourcecode.swift; path = ObjectAPI.ObjectConversionErrorDebug.swift; sourceTree = "<group>"; };
		OBJ_85 /* ObjectAPI.RequestErrorDebug.swift */ = {isa = PBXFileReference; lastKnownFileType = sourcecode.swift; path = ObjectAPI.RequestErrorDebug.swift; sourceTree = "<group>"; };
		OBJ_86 /* ObjectAPI.ServerErrorDebug.swift */ = {isa = PBXFileReference; lastKnownFileType = sourcecode.swift; path = ObjectAPI.ServerErrorDebug.swift; sourceTree = "<group>"; };
		OBJ_87 /* ObjectAPI.StatusCodeErrorDebug.swift */ = {isa = PBXFileReference; lastKnownFileType = sourcecode.swift; path = ObjectAPI.StatusCodeErrorDebug.swift; sourceTree = "<group>"; };
		OBJ_88 /* ObjectAPI.UpdateRequestErrorDebug.swift */ = {isa = PBXFileReference; lastKnownFileType = sourcecode.swift; path = ObjectAPI.UpdateRequestErrorDebug.swift; sourceTree = "<group>"; };
		OBJ_89 /* URLRequestDebug.swift */ = {isa = PBXFileReference; lastKnownFileType = sourcecode.swift; path = URLRequestDebug.swift; sourceTree = "<group>"; };
		OBJ_9 /* QuizTrain.h */ = {isa = PBXFileReference; lastKnownFileType = sourcecode.c.h; path = QuizTrain.h; sourceTree = "<group>"; };
		OBJ_91 /* Filter.Value.swift */ = {isa = PBXFileReference; lastKnownFileType = sourcecode.swift; path = Filter.Value.swift; sourceTree = "<group>"; };
		OBJ_92 /* Filter.swift */ = {isa = PBXFileReference; lastKnownFileType = sourcecode.swift; path = Filter.swift; sourceTree = "<group>"; };
		OBJ_95 /* NewCase.swift */ = {isa = PBXFileReference; lastKnownFileType = sourcecode.swift; path = NewCase.swift; sourceTree = "<group>"; };
		OBJ_97 /* NewCaseField.swift */ = {isa = PBXFileReference; lastKnownFileType = sourcecode.swift; path = NewCaseField.swift; sourceTree = "<group>"; };
		OBJ_98 /* NewCaseFieldConfig.swift */ = {isa = PBXFileReference; lastKnownFileType = sourcecode.swift; path = NewCaseFieldConfig.swift; sourceTree = "<group>"; };
		OBJ_99 /* NewCaseFieldConfigContext.swift */ = {isa = PBXFileReference; lastKnownFileType = sourcecode.swift; path = NewCaseFieldConfigContext.swift; sourceTree = "<group>"; };
		"QuizTrain::QuizTrain::Product" /* QuizTrain.framework */ = {isa = PBXFileReference; lastKnownFileType = wrapper.framework; path = QuizTrain.framework; sourceTree = BUILT_PRODUCTS_DIR; };
		"QuizTrain::QuizTrainTests::Product" /* QuizTrainTests.xctest */ = {isa = PBXFileReference; lastKnownFileType = file; path = QuizTrainTests.xctest; sourceTree = BUILT_PRODUCTS_DIR; };
/* End PBXFileReference section */

/* Begin PBXFrameworksBuildPhase section */
		OBJ_339 /* Frameworks */ = {
			isa = PBXFrameworksBuildPhase;
			buildActionMask = 0;
			files = (
			);
			runOnlyForDeploymentPostprocessing = 0;
		};
		OBJ_444 /* Frameworks */ = {
			isa = PBXFrameworksBuildPhase;
			buildActionMask = 0;
			files = (
				OBJ_445 /* QuizTrain.framework in Frameworks */,
			);
			runOnlyForDeploymentPostprocessing = 0;
		};
/* End PBXFrameworksBuildPhase section */

/* Begin PBXGroup section */
		OBJ_11 /* Misc */ = {
			isa = PBXGroup;
			children = (
				OBJ_12 /* Add */,
				OBJ_15 /* Containment */,
				OBJ_23 /* Debug */,
				OBJ_25 /* Errors */,
				OBJ_28 /* Extensions */,
				OBJ_30 /* Identity */,
				OBJ_32 /* JSON */,
				OBJ_37 /* Operations */,
				OBJ_39 /* Outcome.swift */,
				OBJ_40 /* QueryItemProvider.swift */,
				OBJ_41 /* UniqueSelection.swift */,
				OBJ_42 /* Update */,
				OBJ_45 /* Validation */,
			);
			path = Misc;
			sourceTree = "<group>";
		};
		OBJ_118 /* Update */ = {
			isa = PBXGroup;
			children = (
				OBJ_119 /* UpdatePlanEntryRuns.swift */,
			);
			path = Update;
			sourceTree = "<group>";
		};
		OBJ_12 /* Add */ = {
			isa = PBXGroup;
			children = (
				OBJ_13 /* AddRequestJSON.swift */,
				OBJ_14 /* AddRequestJSONKeys.swift */,
			);
			path = Add;
			sourceTree = "<group>";
		};
		OBJ_121 /* Operations */ = {
			isa = PBXGroup;
			children = (
				OBJ_122 /* GetConfigurationGroupsOperation.swift */,
				OBJ_123 /* GetProjectOperation.swift */,
				OBJ_124 /* GetTemplatesOperation.swift */,
			);
			path = Operations;
			sourceTree = "<group>";
		};
		OBJ_125 /* Tests */ = {
			isa = PBXGroup;
			children = (
				OBJ_126 /* QuizTrainTests */,
			);
			name = Tests;
			sourceTree = SOURCE_ROOT;
		};
		OBJ_126 /* QuizTrainTests */ = {
			isa = PBXGroup;
			children = (
				OBJ_127 /* README.md */,
				OBJ_128 /* Info.plist */,
				OBJ_129 /* Misc */,
				OBJ_139 /* Models */,
				OBJ_168 /* Network */,
				OBJ_207 /* Testing Misc */,
				OBJ_210 /* Testing Protocols */,
			);
			name = QuizTrainTests;
			path = Tests/QuizTrainTests;
			sourceTree = SOURCE_ROOT;
		};
		OBJ_129 /* Misc */ = {
			isa = PBXGroup;
			children = (
				OBJ_130 /* Containment */,
				OBJ_135 /* Extensions */,
				OBJ_137 /* Operations */,
			);
			path = Misc;
			sourceTree = "<group>";
		};
		OBJ_130 /* Containment */ = {
			isa = PBXGroup;
			children = (
				OBJ_131 /* Containers */,
			);
			path = Containment;
			sourceTree = "<group>";
		};
		OBJ_131 /* Containers */ = {
			isa = PBXGroup;
			children = (
				OBJ_132 /* CustomFieldsContainerTests.swift */,
				OBJ_133 /* ErrorContainerTests.swift */,
				OBJ_134 /* JSONDictionaryContainerTests.swift */,
			);
			path = Containers;
			sourceTree = "<group>";
		};
		OBJ_135 /* Extensions */ = {
			isa = PBXGroup;
			children = (
				OBJ_136 /* Array+RandomTests.swift */,
			);
			path = Extensions;
			sourceTree = "<group>";
		};
		OBJ_137 /* Operations */ = {
			isa = PBXGroup;
			children = (
				OBJ_138 /* AsyncOperationTests.swift */,
			);
			path = Operations;
			sourceTree = "<group>";
		};
		OBJ_139 /* Models */ = {
			isa = PBXGroup;
			children = (
				OBJ_140 /* CaseFieldTests.swift */,
				OBJ_141 /* CaseTests.swift */,
				OBJ_142 /* CaseTypeTests.swift */,
				OBJ_143 /* ConfigurationGroupTests.swift */,
				OBJ_144 /* ConfigurationTests.swift */,
				OBJ_145 /* Custom Fields */,
				OBJ_148 /* MilestoneTests.swift */,
				OBJ_149 /* Plan.EntryTests.swift */,
				OBJ_150 /* PlanTests.swift */,
				OBJ_151 /* PriorityTests.swift */,
				OBJ_152 /* ProjectTests.swift */,
				OBJ_153 /* ResultFieldTests.swift */,
				OBJ_154 /* ResultTests.swift */,
				OBJ_155 /* RunTests.swift */,
				OBJ_156 /* SectionTests.swift */,
				OBJ_157 /* StatusTests.swift */,
				OBJ_158 /* SuiteTests.swift */,
				OBJ_159 /* TemplateTests.swift */,
				OBJ_160 /* TestTests.swift */,
				OBJ_161 /* Testing Protocols */,
				OBJ_163 /* Types */,
				OBJ_167 /* UserTests.swift */,
			);
			path = Models;
			sourceTree = "<group>";
		};
		OBJ_145 /* Custom Fields */ = {
			isa = PBXGroup;
			children = (
				OBJ_146 /* Config.ContextTests.swift */,
				OBJ_147 /* ConfigTests.swift */,
			);
			path = "Custom Fields";
			sourceTree = "<group>";
		};
		OBJ_15 /* Containment */ = {
			isa = PBXGroup;
			children = (
				OBJ_16 /* Containers */,
				OBJ_20 /* Protocols */,
			);
			path = Containment;
			sourceTree = "<group>";
		};
		OBJ_16 /* Containers */ = {
			isa = PBXGroup;
			children = (
				OBJ_17 /* CustomFieldsContainer.swift */,
				OBJ_18 /* ErrorContainer.swift */,
				OBJ_19 /* JSONDictionaryContainer.swift */,
			);
			path = Containers;
			sourceTree = "<group>";
		};
		OBJ_161 /* Testing Protocols */ = {
			isa = PBXGroup;
			children = (
				OBJ_162 /* ModelTests.swift */,
			);
			path = "Testing Protocols";
			sourceTree = "<group>";
		};
		OBJ_163 /* Types */ = {
			isa = PBXGroup;
			children = (
				OBJ_164 /* CustomFieldTypeTests.swift */,
				OBJ_165 /* Project.SuiteModeTests.swift */,
				OBJ_166 /* UniqueSelectionTests.swift */,
			);
			path = Types;
			sourceTree = "<group>";
		};
		OBJ_168 /* Network */ = {
			isa = PBXGroup;
			children = (
				OBJ_169 /* Filters */,
				OBJ_171 /* Models */,
				OBJ_206 /* ObjectAPITests.swift */,
			);
			path = Network;
			sourceTree = "<group>";
		};
		OBJ_169 /* Filters */ = {
			isa = PBXGroup;
			children = (
				OBJ_170 /* FilterTests.swift */,
			);
			path = Filters;
			sourceTree = "<group>";
		};
		OBJ_171 /* Models */ = {
			isa = PBXGroup;
			children = (
				OBJ_172 /* Add */,
				OBJ_201 /* Testing Protocols */,
				OBJ_204 /* Update */,
			);
			path = Models;
			sourceTree = "<group>";
		};
		OBJ_172 /* Add */ = {
			isa = PBXGroup;
			children = (
				OBJ_173 /* NewCaseFieldTests */,
				OBJ_185 /* NewCaseResults.ResultTests.swift */,
				OBJ_186 /* NewCaseResultsTests.swift */,
				OBJ_187 /* NewCaseTests.swift */,
				OBJ_188 /* NewConfigurationGroupTests.swift */,
				OBJ_189 /* NewConfigurationTests.swift */,
				OBJ_190 /* NewMilestoneTests.swift */,
				OBJ_191 /* NewPlan.Entry.RunTests.swift */,
				OBJ_192 /* NewPlan.EntryTests.swift */,
				OBJ_193 /* NewPlanTests.swift */,
				OBJ_194 /* NewProjectTests.swift */,
				OBJ_195 /* NewResultTests.swift */,
				OBJ_196 /* NewRunTests.swift */,
				OBJ_197 /* NewSectionTests.swift */,
				OBJ_198 /* NewSuiteTests.swift */,
				OBJ_199 /* NewTestResults.ResultTests.swift */,
				OBJ_200 /* NewTestResultsTests.swift */,
			);
			path = Add;
			sourceTree = "<group>";
		};
		OBJ_173 /* NewCaseFieldTests */ = {
			isa = PBXGroup;
			children = (
				OBJ_174 /* NewCheckboxCaseFieldTests.swift */,
				OBJ_175 /* NewDateCaseFieldTests.swift */,
				OBJ_176 /* NewDropdownCaseFieldTests.swift */,
				OBJ_177 /* NewIntegerCaseFieldTests.swift */,
				OBJ_178 /* NewMilestoneCaseFieldTests.swift */,
				OBJ_179 /* NewMultiselectCaseFieldTests.swift */,
				OBJ_180 /* NewStepsCaseFieldTests.swift */,
				OBJ_181 /* NewStringCaseFieldTests.swift */,
				OBJ_182 /* NewTextCaseFieldTests.swift */,
				OBJ_183 /* NewURLCaseFieldTests.swift */,
				OBJ_184 /* NewUserCaseFieldTests.swift */,
			);
			path = NewCaseFieldTests;
			sourceTree = "<group>";
		};
		OBJ_20 /* Protocols */ = {
			isa = PBXGroup;
			children = (
				OBJ_21 /* CustomFields.swift */,
				OBJ_22 /* MutableCustomFields.swift */,
			);
			path = Protocols;
			sourceTree = "<group>";
		};
		OBJ_201 /* Testing Protocols */ = {
			isa = PBXGroup;
			children = (
				OBJ_202 /* AddModelTests.swift */,
				OBJ_203 /* UpdateModelTests.swift */,
			);
			path = "Testing Protocols";
			sourceTree = "<group>";
		};
		OBJ_204 /* Update */ = {
			isa = PBXGroup;
			children = (
				OBJ_205 /* UpdatePlanEntryRunsTests.swift */,
			);
			path = Update;
			sourceTree = "<group>";
		};
		OBJ_207 /* Testing Misc */ = {
			isa = PBXGroup;
			children = (
				D088A3EA2681ACA7009FDB2A /* TestCredentials.json */,
				OBJ_208 /* Array+Random.swift */,
				OBJ_209 /* TestCredentials.swift */,
			);
			path = "Testing Misc";
			sourceTree = "<group>";
		};
		OBJ_210 /* Testing Protocols */ = {
			isa = PBXGroup;
			children = (
				OBJ_211 /* Asserts */,
				OBJ_222 /* Providers */,
				OBJ_227 /* Tests */,
			);
			path = "Testing Protocols";
			sourceTree = "<group>";
		};
		OBJ_211 /* Asserts */ = {
			isa = PBXGroup;
			children = (
				OBJ_212 /* AssertAddRequestJSON.swift */,
				OBJ_213 /* AssertCodable.swift */,
				OBJ_214 /* AssertCustomFields.swift */,
				OBJ_215 /* AssertEquatable.swift */,
				OBJ_216 /* AssertJSONDeserializing.swift */,
				OBJ_217 /* AssertJSONSerializing.swift */,
				OBJ_218 /* AssertJSONTwoWaySerialization.swift */,
				OBJ_219 /* AssertProperties.swift */,
				OBJ_220 /* AssertUpdateRequestJSON.swift */,
				OBJ_221 /* AssertValidatable.swift */,
			);
			path = Asserts;
			sourceTree = "<group>";
		};
		OBJ_222 /* Providers */ = {
			isa = PBXGroup;
			children = (
				OBJ_223 /* CustomFieldsDataProvider.swift */,
				OBJ_224 /* JSONDataProvider.swift */,
				OBJ_225 /* ObjectProvider.swift */,
				OBJ_226 /* ValidatableObjectProvider.swift */,
			);
			path = Providers;
			sourceTree = "<group>";
		};
		OBJ_227 /* Tests */ = {
			isa = PBXGroup;
			children = (
				OBJ_228 /* AddRequestJSONTests.swift */,
				OBJ_229 /* CodableTests.swift */,
				OBJ_230 /* EquatableTests.swift */,
				OBJ_231 /* InitTests.swift */,
				OBJ_232 /* JSONDeserializingTests.swift */,
				OBJ_233 /* JSONSerializingTests.swift */,
				OBJ_234 /* JSONTwoWaySerializationTests.swift */,
				OBJ_235 /* UpdateRequestJSONTests.swift */,
				OBJ_236 /* ValidatableTests.swift */,
				OBJ_237 /* VariablePropertyTests.swift */,
			);
			path = Tests;
			sourceTree = "<group>";
		};
		OBJ_23 /* Debug */ = {
			isa = PBXGroup;
			children = (
				OBJ_24 /* DebugDetails.swift */,
			);
			path = Debug;
			sourceTree = "<group>";
		};
		OBJ_238 /* Products */ = {
			isa = PBXGroup;
			children = (
				"QuizTrain::QuizTrain::Product" /* QuizTrain.framework */,
				"QuizTrain::QuizTrainTests::Product" /* QuizTrainTests.xctest */,
			);
			name = Products;
			sourceTree = BUILT_PRODUCTS_DIR;
		};
		OBJ_25 /* Errors */ = {
			isa = PBXGroup;
			children = (
				OBJ_26 /* MultipleMatchError.swift */,
				OBJ_27 /* SingleMatchError.swift */,
			);
			path = Errors;
			sourceTree = "<group>";
		};
		OBJ_28 /* Extensions */ = {
			isa = PBXGroup;
			children = (
				OBJ_29 /* Date+Seconds.swift */,
			);
			path = Extensions;
			sourceTree = "<group>";
		};
		OBJ_30 /* Identity */ = {
			isa = PBXGroup;
			children = (
				OBJ_31 /* Identifiable.swift */,
			);
			path = Identity;
			sourceTree = "<group>";
		};
		OBJ_32 /* JSON */ = {
			isa = PBXGroup;
			children = (
				OBJ_33 /* JSONDeserializable.swift */,
				OBJ_34 /* JSONDictionary.swift */,
				OBJ_35 /* JSONKey.swift */,
				OBJ_36 /* JSONSerializable.swift */,
			);
			path = JSON;
			sourceTree = "<group>";
		};
		OBJ_37 /* Operations */ = {
			isa = PBXGroup;
			children = (
				OBJ_38 /* AsyncOperation.swift */,
			);
			path = Operations;
			sourceTree = "<group>";
		};
		OBJ_42 /* Update */ = {
			isa = PBXGroup;
			children = (
				OBJ_43 /* UpdateRequestJSON.swift */,
				OBJ_44 /* UpdateRequestJSONKeys.swift */,
			);
			path = Update;
			sourceTree = "<group>";
		};
		OBJ_45 /* Validation */ = {
			isa = PBXGroup;
			children = (
				OBJ_46 /* Validatable.swift */,
			);
			path = Validation;
			sourceTree = "<group>";
		};
		OBJ_47 /* Models */ = {
			isa = PBXGroup;
			children = (
				OBJ_48 /* Case.swift */,
				OBJ_49 /* CaseField.swift */,
				OBJ_50 /* CaseType.swift */,
				OBJ_51 /* Config */,
				OBJ_54 /* Configuration.swift */,
				OBJ_55 /* ConfigurationGroup.swift */,
				OBJ_56 /* Milestone.swift */,
				OBJ_57 /* Plan.Entry.swift */,
				OBJ_58 /* Plan.swift */,
				OBJ_59 /* Priority.swift */,
				OBJ_60 /* Project.swift */,
				OBJ_61 /* Result.swift */,
				OBJ_62 /* ResultField.swift */,
				OBJ_63 /* Run.swift */,
				OBJ_64 /* Section.swift */,
				OBJ_65 /* Status.swift */,
				OBJ_66 /* Suite.swift */,
				OBJ_67 /* Template.swift */,
				OBJ_68 /* Test.swift */,
				OBJ_69 /* Types */,
				OBJ_72 /* User.swift */,
			);
			path = Models;
			sourceTree = "<group>";
		};
		OBJ_5 = {
			isa = PBXGroup;
			children = (
				OBJ_6 /* Package.swift */,
				OBJ_7 /* Sources */,
				OBJ_125 /* Tests */,
				OBJ_238 /* Products */,
				OBJ_241 /* LICENSE */,
				OBJ_242 /* Entities.png */,
				OBJ_243 /* ERRORS.md */,
				OBJ_244 /* README.md */,
				OBJ_245 /* QuizTrain.podspec */,
			);
			sourceTree = "<group>";
		};
		OBJ_51 /* Config */ = {
			isa = PBXGroup;
			children = (
				OBJ_52 /* Config.Context.swift */,
				OBJ_53 /* Config.swift */,
			);
			path = Config;
			sourceTree = "<group>";
		};
		OBJ_69 /* Types */ = {
			isa = PBXGroup;
			children = (
				OBJ_70 /* CustomFieldType.swift */,
				OBJ_71 /* Project.SuiteMode.swift */,
			);
			path = Types;
			sourceTree = "<group>";
		};
		OBJ_7 /* Sources */ = {
			isa = PBXGroup;
			children = (
				OBJ_8 /* QuizTrain */,
			);
			name = Sources;
			sourceTree = SOURCE_ROOT;
		};
		OBJ_73 /* Network */ = {
			isa = PBXGroup;
			children = (
				OBJ_74 /* API.swift */,
				OBJ_75 /* Extensions */,
				OBJ_90 /* Filters */,
				OBJ_93 /* Models */,
				OBJ_120 /* ObjectAPI.swift */,
				OBJ_121 /* Operations */,
			);
			path = Network;
			sourceTree = "<group>";
		};
		OBJ_75 /* Extensions */ = {
			isa = PBXGroup;
			children = (
				OBJ_76 /* API */,
				OBJ_79 /* ObjectAPI */,
				OBJ_89 /* URLRequestDebug.swift */,
			);
			path = Extensions;
			sourceTree = "<group>";
		};
		OBJ_76 /* API */ = {
			isa = PBXGroup;
			children = (
				OBJ_77 /* API.RequestErrorDebug.swift */,
				OBJ_78 /* API.RequestResultDebug.swift */,
			);
			path = API;
			sourceTree = "<group>";
		};
		OBJ_79 /* ObjectAPI */ = {
			isa = PBXGroup;
			children = (
				OBJ_80 /* ObjectAPI.ClientErrorDebug.swift */,
				OBJ_81 /* ObjectAPI.DataProcessingErrorDebug.swift */,
				OBJ_82 /* ObjectAPI.DataRequestErrorDebug.swift */,
				OBJ_83 /* ObjectAPI.MatchErrorDebug.swift */,
				OBJ_84 /* ObjectAPI.ObjectConversionErrorDebug.swift */,
				OBJ_85 /* ObjectAPI.RequestErrorDebug.swift */,
				OBJ_86 /* ObjectAPI.ServerErrorDebug.swift */,
				OBJ_87 /* ObjectAPI.StatusCodeErrorDebug.swift */,
				OBJ_88 /* ObjectAPI.UpdateRequestErrorDebug.swift */,
			);
			path = ObjectAPI;
			sourceTree = "<group>";
		};
		OBJ_8 /* QuizTrain */ = {
			isa = PBXGroup;
			children = (
				OBJ_9 /* QuizTrain.h */,
				OBJ_10 /* Info.plist */,
				OBJ_11 /* Misc */,
				OBJ_47 /* Models */,
				OBJ_73 /* Network */,
			);
			name = QuizTrain;
			path = Sources/QuizTrain;
			sourceTree = SOURCE_ROOT;
		};
		OBJ_90 /* Filters */ = {
			isa = PBXGroup;
			children = (
				OBJ_91 /* Filter.Value.swift */,
				OBJ_92 /* Filter.swift */,
			);
			path = Filters;
			sourceTree = "<group>";
		};
		OBJ_93 /* Models */ = {
			isa = PBXGroup;
			children = (
				OBJ_94 /* Add */,
				OBJ_118 /* Update */,
			);
			path = Models;
			sourceTree = "<group>";
		};
		OBJ_94 /* Add */ = {
			isa = PBXGroup;
			children = (
				OBJ_95 /* NewCase.swift */,
				OBJ_96 /* NewCaseField */,
				OBJ_103 /* NewCaseResults.Result.swift */,
				OBJ_104 /* NewCaseResults.swift */,
				OBJ_105 /* NewConfiguration.swift */,
				OBJ_106 /* NewConfigurationGroup.swift */,
				OBJ_107 /* NewMilestone.swift */,
				OBJ_108 /* NewPlan.Entry.Run.swift */,
				OBJ_109 /* NewPlan.Entry.swift */,
				OBJ_110 /* NewPlan.swift */,
				OBJ_111 /* NewProject.swift */,
				OBJ_112 /* NewResult.swift */,
				OBJ_113 /* NewRun.swift */,
				OBJ_114 /* NewSection.swift */,
				OBJ_115 /* NewSuite.swift */,
				OBJ_116 /* NewTestResults.Result.swift */,
				OBJ_117 /* NewTestResults.swift */,
			);
			path = Add;
			sourceTree = "<group>";
		};
		OBJ_96 /* NewCaseField */ = {
			isa = PBXGroup;
			children = (
				OBJ_97 /* NewCaseField.swift */,
				OBJ_98 /* NewCaseFieldConfig.swift */,
				OBJ_99 /* NewCaseFieldConfigContext.swift */,
				OBJ_100 /* NewCaseFieldConfigOptions.swift */,
				OBJ_101 /* NewCaseFieldData.swift */,
				OBJ_102 /* NewCaseFieldType.swift */,
			);
			path = NewCaseField;
			sourceTree = "<group>";
		};
/* End PBXGroup section */

/* Begin PBXNativeTarget section */
		"QuizTrain::QuizTrain" /* QuizTrain */ = {
			isa = PBXNativeTarget;
			buildConfigurationList = OBJ_247 /* Build configuration list for PBXNativeTarget "QuizTrain" */;
			buildPhases = (
				OBJ_250 /* Sources */,
				OBJ_339 /* Frameworks */,
			);
			buildRules = (
			);
			dependencies = (
			);
			name = QuizTrain;
			productName = QuizTrain;
			productReference = "QuizTrain::QuizTrain::Product" /* QuizTrain.framework */;
			productType = "com.apple.product-type.framework";
		};
		"QuizTrain::QuizTrainTests" /* QuizTrainTests */ = {
			isa = PBXNativeTarget;
			buildConfigurationList = OBJ_352 /* Build configuration list for PBXNativeTarget "QuizTrainTests" */;
			buildPhases = (
				OBJ_355 /* Sources */,
				OBJ_444 /* Frameworks */,
			);
			buildRules = (
			);
			dependencies = (
				OBJ_446 /* PBXTargetDependency */,
			);
			name = QuizTrainTests;
			productName = QuizTrainTests;
			productReference = "QuizTrain::QuizTrainTests::Product" /* QuizTrainTests.xctest */;
			productType = "com.apple.product-type.bundle.unit-test";
		};
		"QuizTrain::SwiftPMPackageDescription" /* QuizTrainPackageDescription */ = {
			isa = PBXNativeTarget;
			buildConfigurationList = OBJ_341 /* Build configuration list for PBXNativeTarget "QuizTrainPackageDescription" */;
			buildPhases = (
				OBJ_344 /* Sources */,
			);
			buildRules = (
			);
			dependencies = (
			);
			name = QuizTrainPackageDescription;
			productName = QuizTrainPackageDescription;
			productType = "com.apple.product-type.framework";
		};
/* End PBXNativeTarget section */

/* Begin PBXProject section */
		OBJ_1 /* Project object */ = {
			isa = PBXProject;
			attributes = {
				LastSwiftMigration = 9999;
				LastUpgradeCheck = 9999;
			};
			buildConfigurationList = OBJ_2 /* Build configuration list for PBXProject "QuizTrain" */;
			compatibilityVersion = "Xcode 10.0";
			developmentRegion = en;
			hasScannedForEncodings = 0;
			knownRegions = (
				en,
			);
			mainGroup = OBJ_5;
			productRefGroup = OBJ_238 /* Products */;
			projectDirPath = "";
			projectRoot = "";
			targets = (
				"QuizTrain::QuizTrain" /* QuizTrain */,
				"QuizTrain::SwiftPMPackageDescription" /* QuizTrainPackageDescription */,
				"QuizTrain::QuizTrainPackageTests::ProductTarget" /* QuizTrainPackageTests */,
				"QuizTrain::QuizTrainTests" /* QuizTrainTests */,
			);
		};
/* End PBXProject section */

/* Begin PBXSourcesBuildPhase section */
		OBJ_250 /* Sources */ = {
			isa = PBXSourcesBuildPhase;
			buildActionMask = 0;
			files = (
				OBJ_251 /* AddRequestJSON.swift in Sources */,
				OBJ_252 /* AddRequestJSONKeys.swift in Sources */,
				OBJ_253 /* CustomFieldsContainer.swift in Sources */,
				OBJ_254 /* ErrorContainer.swift in Sources */,
				OBJ_255 /* JSONDictionaryContainer.swift in Sources */,
				OBJ_256 /* CustomFields.swift in Sources */,
				OBJ_257 /* MutableCustomFields.swift in Sources */,
				OBJ_258 /* DebugDetails.swift in Sources */,
				OBJ_259 /* MultipleMatchError.swift in Sources */,
				OBJ_260 /* SingleMatchError.swift in Sources */,
				OBJ_261 /* Date+Seconds.swift in Sources */,
				OBJ_262 /* Identifiable.swift in Sources */,
				OBJ_263 /* JSONDeserializable.swift in Sources */,
				OBJ_264 /* JSONDictionary.swift in Sources */,
				OBJ_265 /* JSONKey.swift in Sources */,
				OBJ_266 /* JSONSerializable.swift in Sources */,
				OBJ_267 /* AsyncOperation.swift in Sources */,
				OBJ_268 /* Outcome.swift in Sources */,
				OBJ_269 /* QueryItemProvider.swift in Sources */,
				OBJ_270 /* UniqueSelection.swift in Sources */,
				OBJ_271 /* UpdateRequestJSON.swift in Sources */,
				OBJ_272 /* UpdateRequestJSONKeys.swift in Sources */,
				OBJ_273 /* Validatable.swift in Sources */,
				OBJ_274 /* Case.swift in Sources */,
				OBJ_275 /* CaseField.swift in Sources */,
				OBJ_276 /* CaseType.swift in Sources */,
				OBJ_277 /* Config.Context.swift in Sources */,
				OBJ_278 /* Config.swift in Sources */,
				OBJ_279 /* Configuration.swift in Sources */,
				OBJ_280 /* ConfigurationGroup.swift in Sources */,
				OBJ_281 /* Milestone.swift in Sources */,
				OBJ_282 /* Plan.Entry.swift in Sources */,
				OBJ_283 /* Plan.swift in Sources */,
				OBJ_284 /* Priority.swift in Sources */,
				OBJ_285 /* Project.swift in Sources */,
				OBJ_286 /* Result.swift in Sources */,
				OBJ_287 /* ResultField.swift in Sources */,
				OBJ_288 /* Run.swift in Sources */,
				OBJ_289 /* Section.swift in Sources */,
				OBJ_290 /* Status.swift in Sources */,
				OBJ_291 /* Suite.swift in Sources */,
				OBJ_292 /* Template.swift in Sources */,
				OBJ_293 /* Test.swift in Sources */,
				OBJ_294 /* CustomFieldType.swift in Sources */,
				OBJ_295 /* Project.SuiteMode.swift in Sources */,
				OBJ_296 /* User.swift in Sources */,
				OBJ_297 /* API.swift in Sources */,
				OBJ_298 /* API.RequestErrorDebug.swift in Sources */,
				OBJ_299 /* API.RequestResultDebug.swift in Sources */,
				OBJ_300 /* ObjectAPI.ClientErrorDebug.swift in Sources */,
				OBJ_301 /* ObjectAPI.DataProcessingErrorDebug.swift in Sources */,
				OBJ_302 /* ObjectAPI.DataRequestErrorDebug.swift in Sources */,
				OBJ_303 /* ObjectAPI.MatchErrorDebug.swift in Sources */,
				OBJ_304 /* ObjectAPI.ObjectConversionErrorDebug.swift in Sources */,
				OBJ_305 /* ObjectAPI.RequestErrorDebug.swift in Sources */,
				OBJ_306 /* ObjectAPI.ServerErrorDebug.swift in Sources */,
				OBJ_307 /* ObjectAPI.StatusCodeErrorDebug.swift in Sources */,
				OBJ_308 /* ObjectAPI.UpdateRequestErrorDebug.swift in Sources */,
				OBJ_309 /* URLRequestDebug.swift in Sources */,
				OBJ_310 /* Filter.Value.swift in Sources */,
				OBJ_311 /* Filter.swift in Sources */,
				OBJ_312 /* NewCase.swift in Sources */,
				OBJ_313 /* NewCaseField.swift in Sources */,
				OBJ_314 /* NewCaseFieldConfig.swift in Sources */,
				OBJ_315 /* NewCaseFieldConfigContext.swift in Sources */,
				OBJ_316 /* NewCaseFieldConfigOptions.swift in Sources */,
				OBJ_317 /* NewCaseFieldData.swift in Sources */,
				OBJ_318 /* NewCaseFieldType.swift in Sources */,
				OBJ_319 /* NewCaseResults.Result.swift in Sources */,
				OBJ_320 /* NewCaseResults.swift in Sources */,
				OBJ_321 /* NewConfiguration.swift in Sources */,
				OBJ_322 /* NewConfigurationGroup.swift in Sources */,
				OBJ_323 /* NewMilestone.swift in Sources */,
				OBJ_324 /* NewPlan.Entry.Run.swift in Sources */,
				OBJ_325 /* NewPlan.Entry.swift in Sources */,
				OBJ_326 /* NewPlan.swift in Sources */,
				OBJ_327 /* NewProject.swift in Sources */,
				OBJ_328 /* NewResult.swift in Sources */,
				OBJ_329 /* NewRun.swift in Sources */,
				OBJ_330 /* NewSection.swift in Sources */,
				OBJ_331 /* NewSuite.swift in Sources */,
				OBJ_332 /* NewTestResults.Result.swift in Sources */,
				OBJ_333 /* NewTestResults.swift in Sources */,
				OBJ_334 /* UpdatePlanEntryRuns.swift in Sources */,
				OBJ_335 /* ObjectAPI.swift in Sources */,
				OBJ_336 /* GetConfigurationGroupsOperation.swift in Sources */,
				OBJ_337 /* GetProjectOperation.swift in Sources */,
				OBJ_338 /* GetTemplatesOperation.swift in Sources */,
			);
			runOnlyForDeploymentPostprocessing = 0;
		};
		OBJ_344 /* Sources */ = {
			isa = PBXSourcesBuildPhase;
			buildActionMask = 0;
			files = (
				OBJ_345 /* Package.swift in Sources */,
			);
			runOnlyForDeploymentPostprocessing = 0;
		};
		OBJ_355 /* Sources */ = {
			isa = PBXSourcesBuildPhase;
			buildActionMask = 0;
			files = (
				OBJ_356 /* CustomFieldsContainerTests.swift in Sources */,
				OBJ_357 /* ErrorContainerTests.swift in Sources */,
				OBJ_358 /* JSONDictionaryContainerTests.swift in Sources */,
				OBJ_359 /* Array+RandomTests.swift in Sources */,
				OBJ_360 /* AsyncOperationTests.swift in Sources */,
				OBJ_361 /* CaseFieldTests.swift in Sources */,
				OBJ_362 /* CaseTests.swift in Sources */,
				OBJ_363 /* CaseTypeTests.swift in Sources */,
				OBJ_364 /* ConfigurationGroupTests.swift in Sources */,
				OBJ_365 /* ConfigurationTests.swift in Sources */,
				OBJ_366 /* Config.ContextTests.swift in Sources */,
				OBJ_367 /* ConfigTests.swift in Sources */,
				OBJ_368 /* MilestoneTests.swift in Sources */,
				OBJ_369 /* Plan.EntryTests.swift in Sources */,
				OBJ_370 /* PlanTests.swift in Sources */,
				OBJ_371 /* PriorityTests.swift in Sources */,
				OBJ_372 /* ProjectTests.swift in Sources */,
				OBJ_373 /* ResultFieldTests.swift in Sources */,
				OBJ_374 /* ResultTests.swift in Sources */,
				OBJ_375 /* RunTests.swift in Sources */,
				OBJ_376 /* SectionTests.swift in Sources */,
				OBJ_377 /* StatusTests.swift in Sources */,
				OBJ_378 /* SuiteTests.swift in Sources */,
				OBJ_379 /* TemplateTests.swift in Sources */,
				OBJ_380 /* TestTests.swift in Sources */,
				OBJ_381 /* ModelTests.swift in Sources */,
				OBJ_382 /* CustomFieldTypeTests.swift in Sources */,
				OBJ_383 /* Project.SuiteModeTests.swift in Sources */,
				OBJ_384 /* UniqueSelectionTests.swift in Sources */,
				OBJ_385 /* UserTests.swift in Sources */,
				OBJ_386 /* FilterTests.swift in Sources */,
				OBJ_387 /* NewCheckboxCaseFieldTests.swift in Sources */,
				OBJ_388 /* NewDateCaseFieldTests.swift in Sources */,
				OBJ_389 /* NewDropdownCaseFieldTests.swift in Sources */,
				OBJ_390 /* NewIntegerCaseFieldTests.swift in Sources */,
				OBJ_391 /* NewMilestoneCaseFieldTests.swift in Sources */,
				OBJ_392 /* NewMultiselectCaseFieldTests.swift in Sources */,
				OBJ_393 /* NewStepsCaseFieldTests.swift in Sources */,
				OBJ_394 /* NewStringCaseFieldTests.swift in Sources */,
				OBJ_395 /* NewTextCaseFieldTests.swift in Sources */,
				OBJ_396 /* NewURLCaseFieldTests.swift in Sources */,
				OBJ_397 /* NewUserCaseFieldTests.swift in Sources */,
				OBJ_398 /* NewCaseResults.ResultTests.swift in Sources */,
				OBJ_399 /* NewCaseResultsTests.swift in Sources */,
				OBJ_400 /* NewCaseTests.swift in Sources */,
				OBJ_401 /* NewConfigurationGroupTests.swift in Sources */,
				OBJ_402 /* NewConfigurationTests.swift in Sources */,
				OBJ_403 /* NewMilestoneTests.swift in Sources */,
				OBJ_404 /* NewPlan.Entry.RunTests.swift in Sources */,
				OBJ_405 /* NewPlan.EntryTests.swift in Sources */,
				OBJ_406 /* NewPlanTests.swift in Sources */,
				OBJ_407 /* NewProjectTests.swift in Sources */,
				OBJ_408 /* NewResultTests.swift in Sources */,
				OBJ_409 /* NewRunTests.swift in Sources */,
				OBJ_410 /* NewSectionTests.swift in Sources */,
				OBJ_411 /* NewSuiteTests.swift in Sources */,
				OBJ_412 /* NewTestResults.ResultTests.swift in Sources */,
				OBJ_413 /* NewTestResultsTests.swift in Sources */,
				OBJ_414 /* AddModelTests.swift in Sources */,
				OBJ_415 /* UpdateModelTests.swift in Sources */,
				OBJ_416 /* UpdatePlanEntryRunsTests.swift in Sources */,
				OBJ_417 /* ObjectAPITests.swift in Sources */,
				OBJ_418 /* Array+Random.swift in Sources */,
				OBJ_419 /* TestCredentials.swift in Sources */,
				OBJ_420 /* AssertAddRequestJSON.swift in Sources */,
				OBJ_421 /* AssertCodable.swift in Sources */,
				OBJ_422 /* AssertCustomFields.swift in Sources */,
				OBJ_423 /* AssertEquatable.swift in Sources */,
				OBJ_424 /* AssertJSONDeserializing.swift in Sources */,
				OBJ_425 /* AssertJSONSerializing.swift in Sources */,
				OBJ_426 /* AssertJSONTwoWaySerialization.swift in Sources */,
				OBJ_427 /* AssertProperties.swift in Sources */,
				OBJ_428 /* AssertUpdateRequestJSON.swift in Sources */,
				OBJ_429 /* AssertValidatable.swift in Sources */,
				OBJ_430 /* CustomFieldsDataProvider.swift in Sources */,
				OBJ_431 /* JSONDataProvider.swift in Sources */,
				OBJ_432 /* ObjectProvider.swift in Sources */,
				OBJ_433 /* ValidatableObjectProvider.swift in Sources */,
				OBJ_434 /* AddRequestJSONTests.swift in Sources */,
				OBJ_435 /* CodableTests.swift in Sources */,
				OBJ_436 /* EquatableTests.swift in Sources */,
				OBJ_437 /* InitTests.swift in Sources */,
				OBJ_438 /* JSONDeserializingTests.swift in Sources */,
				OBJ_439 /* JSONSerializingTests.swift in Sources */,
				OBJ_440 /* JSONTwoWaySerializationTests.swift in Sources */,
				OBJ_441 /* UpdateRequestJSONTests.swift in Sources */,
				OBJ_442 /* ValidatableTests.swift in Sources */,
				OBJ_443 /* VariablePropertyTests.swift in Sources */,
			);
			runOnlyForDeploymentPostprocessing = 0;
		};
/* End PBXSourcesBuildPhase section */

/* Begin PBXTargetDependency section */
		OBJ_350 /* PBXTargetDependency */ = {
			isa = PBXTargetDependency;
			target = "QuizTrain::QuizTrainTests" /* QuizTrainTests */;
			targetProxy = D0EDEC092681A25C006C3CCF /* PBXContainerItemProxy */;
		};
		OBJ_446 /* PBXTargetDependency */ = {
			isa = PBXTargetDependency;
			target = "QuizTrain::QuizTrain" /* QuizTrain */;
			targetProxy = D0EDEC082681A24F006C3CCF /* PBXContainerItemProxy */;
		};
/* End PBXTargetDependency section */

/* Begin XCBuildConfiguration section */
		OBJ_248 /* Debug */ = {
			isa = XCBuildConfiguration;
			buildSettings = {
				CURRENT_PROJECT_VERSION = 1;
				DRIVERKIT_DEPLOYMENT_TARGET = 19.0;
				ENABLE_TESTABILITY = YES;
				FRAMEWORK_SEARCH_PATHS = (
					"$(inherited)",
					"$(PLATFORM_DIR)/Developer/Library/Frameworks",
				);
				HEADER_SEARCH_PATHS = "$(inherited)";
				INFOPLIST_FILE = QuizTrain.xcodeproj/QuizTrain_Info.plist;
				IPHONEOS_DEPLOYMENT_TARGET = 9.0;
				LD_RUNPATH_SEARCH_PATHS = (
					"$(inherited)",
					"$(TOOLCHAIN_DIR)/usr/lib/swift/macosx",
				);
				MACOSX_DEPLOYMENT_TARGET = 10.10;
				OTHER_CFLAGS = "$(inherited)";
				OTHER_LDFLAGS = "$(inherited)";
				OTHER_SWIFT_FLAGS = "$(inherited)";
				PRODUCT_BUNDLE_IDENTIFIER = QuizTrain;
				PRODUCT_MODULE_NAME = "$(TARGET_NAME:c99extidentifier)";
				PRODUCT_NAME = "$(TARGET_NAME:c99extidentifier)";
				SKIP_INSTALL = YES;
				SWIFT_ACTIVE_COMPILATION_CONDITIONS = "$(inherited)";
				SWIFT_VERSION = 5.0;
				TARGET_NAME = QuizTrain;
				TVOS_DEPLOYMENT_TARGET = 9.0;
				WATCHOS_DEPLOYMENT_TARGET = 2.0;
			};
			name = Debug;
		};
		OBJ_249 /* Release */ = {
			isa = XCBuildConfiguration;
			buildSettings = {
				CURRENT_PROJECT_VERSION = 1;
				DRIVERKIT_DEPLOYMENT_TARGET = 19.0;
				ENABLE_TESTABILITY = YES;
				FRAMEWORK_SEARCH_PATHS = (
					"$(inherited)",
					"$(PLATFORM_DIR)/Developer/Library/Frameworks",
				);
				HEADER_SEARCH_PATHS = "$(inherited)";
				INFOPLIST_FILE = QuizTrain.xcodeproj/QuizTrain_Info.plist;
				IPHONEOS_DEPLOYMENT_TARGET = 9.0;
				LD_RUNPATH_SEARCH_PATHS = (
					"$(inherited)",
					"$(TOOLCHAIN_DIR)/usr/lib/swift/macosx",
				);
				MACOSX_DEPLOYMENT_TARGET = 10.10;
				OTHER_CFLAGS = "$(inherited)";
				OTHER_LDFLAGS = "$(inherited)";
				OTHER_SWIFT_FLAGS = "$(inherited)";
				PRODUCT_BUNDLE_IDENTIFIER = QuizTrain;
				PRODUCT_MODULE_NAME = "$(TARGET_NAME:c99extidentifier)";
				PRODUCT_NAME = "$(TARGET_NAME:c99extidentifier)";
				SKIP_INSTALL = YES;
				SWIFT_ACTIVE_COMPILATION_CONDITIONS = "$(inherited)";
				SWIFT_VERSION = 5.0;
				TARGET_NAME = QuizTrain;
				TVOS_DEPLOYMENT_TARGET = 9.0;
				WATCHOS_DEPLOYMENT_TARGET = 2.0;
			};
			name = Release;
		};
		OBJ_3 /* Debug */ = {
			isa = XCBuildConfiguration;
			buildSettings = {
				CLANG_ENABLE_OBJC_ARC = YES;
				COMBINE_HIDPI_IMAGES = YES;
				COPY_PHASE_STRIP = NO;
				DEBUG_INFORMATION_FORMAT = dwarf;
				DYLIB_INSTALL_NAME_BASE = "@rpath";
				ENABLE_NS_ASSERTIONS = YES;
				GCC_OPTIMIZATION_LEVEL = 0;
				GCC_PREPROCESSOR_DEFINITIONS = (
					"$(inherited)",
					"SWIFT_PACKAGE=1",
					"DEBUG=1",
				);
				MACOSX_DEPLOYMENT_TARGET = 10.10;
				ONLY_ACTIVE_ARCH = YES;
				OTHER_SWIFT_FLAGS = "$(inherited) -DXcode";
				PRODUCT_NAME = "$(TARGET_NAME)";
				SDKROOT = macosx;
				SUPPORTED_PLATFORMS = "$(AVAILABLE_PLATFORMS)";
				SUPPORTS_MACCATALYST = YES;
				SWIFT_ACTIVE_COMPILATION_CONDITIONS = "$(inherited) SWIFT_PACKAGE DEBUG";
				SWIFT_OPTIMIZATION_LEVEL = "-Onone";
				USE_HEADERMAP = NO;
			};
			name = Debug;
		};
		OBJ_342 /* Debug */ = {
			isa = XCBuildConfiguration;
			buildSettings = {
				LD = /usr/bin/true;
				OTHER_SWIFT_FLAGS = "-swift-version 5 -I $(TOOLCHAIN_DIR)/usr/lib/swift/pm/4_2 -sdk /Applications/Xcode-beta.app/Contents/Developer/Platforms/MacOSX.platform/Developer/SDKs/MacOSX12.0.sdk -package-description-version 5.5.0";
				SWIFT_VERSION = 5.0;
			};
			name = Debug;
		};
		OBJ_343 /* Release */ = {
			isa = XCBuildConfiguration;
			buildSettings = {
				LD = /usr/bin/true;
				OTHER_SWIFT_FLAGS = "-swift-version 5 -I $(TOOLCHAIN_DIR)/usr/lib/swift/pm/4_2 -sdk /Applications/Xcode-beta.app/Contents/Developer/Platforms/MacOSX.platform/Developer/SDKs/MacOSX12.0.sdk -package-description-version 5.5.0";
				SWIFT_VERSION = 5.0;
			};
			name = Release;
		};
		OBJ_348 /* Debug */ = {
			isa = XCBuildConfiguration;
			buildSettings = {
			};
			name = Debug;
		};
		OBJ_349 /* Release */ = {
			isa = XCBuildConfiguration;
			buildSettings = {
			};
			name = Release;
		};
		OBJ_353 /* Debug */ = {
			isa = XCBuildConfiguration;
			buildSettings = {
				CLANG_ENABLE_MODULES = YES;
				CURRENT_PROJECT_VERSION = 1;
				DRIVERKIT_DEPLOYMENT_TARGET = 19.0;
				EMBEDDED_CONTENT_CONTAINS_SWIFT = YES;
				FRAMEWORK_SEARCH_PATHS = (
					"$(inherited)",
					"$(PLATFORM_DIR)/Developer/Library/Frameworks",
				);
				HEADER_SEARCH_PATHS = "$(inherited)";
				INFOPLIST_FILE = QuizTrain.xcodeproj/QuizTrainTests_Info.plist;
				IPHONEOS_DEPLOYMENT_TARGET = 14.0;
				LD_RUNPATH_SEARCH_PATHS = (
					"$(inherited)",
					"@loader_path/../Frameworks",
					"@loader_path/Frameworks",
				);
				MACOSX_DEPLOYMENT_TARGET = 11.0;
				OTHER_CFLAGS = "$(inherited)";
				OTHER_LDFLAGS = "$(inherited)";
				OTHER_SWIFT_FLAGS = "$(inherited)";
				SWIFT_ACTIVE_COMPILATION_CONDITIONS = "$(inherited)";
				SWIFT_VERSION = 5.0;
				TARGET_NAME = QuizTrainTests;
				TVOS_DEPLOYMENT_TARGET = 9.0;
				WATCHOS_DEPLOYMENT_TARGET = 7.0;
			};
			name = Debug;
		};
		OBJ_354 /* Release */ = {
			isa = XCBuildConfiguration;
			buildSettings = {
				CLANG_ENABLE_MODULES = YES;
				CURRENT_PROJECT_VERSION = 1;
				DRIVERKIT_DEPLOYMENT_TARGET = 19.0;
				EMBEDDED_CONTENT_CONTAINS_SWIFT = YES;
				FRAMEWORK_SEARCH_PATHS = (
					"$(inherited)",
					"$(PLATFORM_DIR)/Developer/Library/Frameworks",
				);
				HEADER_SEARCH_PATHS = "$(inherited)";
				INFOPLIST_FILE = QuizTrain.xcodeproj/QuizTrainTests_Info.plist;
				IPHONEOS_DEPLOYMENT_TARGET = 14.0;
				LD_RUNPATH_SEARCH_PATHS = (
					"$(inherited)",
					"@loader_path/../Frameworks",
					"@loader_path/Frameworks",
				);
				MACOSX_DEPLOYMENT_TARGET = 11.0;
				OTHER_CFLAGS = "$(inherited)";
				OTHER_LDFLAGS = "$(inherited)";
				OTHER_SWIFT_FLAGS = "$(inherited)";
				SWIFT_ACTIVE_COMPILATION_CONDITIONS = "$(inherited)";
				SWIFT_VERSION = 5.0;
				TARGET_NAME = QuizTrainTests;
				TVOS_DEPLOYMENT_TARGET = 9.0;
				WATCHOS_DEPLOYMENT_TARGET = 7.0;
			};
			name = Release;
		};
		OBJ_4 /* Release */ = {
			isa = XCBuildConfiguration;
			buildSettings = {
				CLANG_ENABLE_OBJC_ARC = YES;
				COMBINE_HIDPI_IMAGES = YES;
				COPY_PHASE_STRIP = YES;
				DEBUG_INFORMATION_FORMAT = "dwarf-with-dsym";
				DYLIB_INSTALL_NAME_BASE = "@rpath";
				GCC_OPTIMIZATION_LEVEL = s;
				GCC_PREPROCESSOR_DEFINITIONS = (
					"$(inherited)",
					"SWIFT_PACKAGE=1",
				);
				MACOSX_DEPLOYMENT_TARGET = 10.10;
				OTHER_SWIFT_FLAGS = "$(inherited) -DXcode";
				PRODUCT_NAME = "$(TARGET_NAME)";
				SDKROOT = macosx;
				SUPPORTED_PLATFORMS = "$(AVAILABLE_PLATFORMS)";
				SUPPORTS_MACCATALYST = YES;
				SWIFT_ACTIVE_COMPILATION_CONDITIONS = "$(inherited) SWIFT_PACKAGE";
				SWIFT_COMPILATION_MODE = wholemodule;
				SWIFT_OPTIMIZATION_LEVEL = "-O";
				USE_HEADERMAP = NO;
			};
			name = Release;
		};
/* End XCBuildConfiguration section */

/* Begin XCConfigurationList section */
		OBJ_2 /* Build configuration list for PBXProject "QuizTrain" */ = {
			isa = XCConfigurationList;
			buildConfigurations = (
				OBJ_3 /* Debug */,
				OBJ_4 /* Release */,
			);
			defaultConfigurationIsVisible = 0;
			defaultConfigurationName = Release;
		};
		OBJ_247 /* Build configuration list for PBXNativeTarget "QuizTrain" */ = {
			isa = XCConfigurationList;
			buildConfigurations = (
				OBJ_248 /* Debug */,
				OBJ_249 /* Release */,
			);
			defaultConfigurationIsVisible = 0;
			defaultConfigurationName = Release;
		};
		OBJ_341 /* Build configuration list for PBXNativeTarget "QuizTrainPackageDescription" */ = {
			isa = XCConfigurationList;
			buildConfigurations = (
				OBJ_342 /* Debug */,
				OBJ_343 /* Release */,
			);
			defaultConfigurationIsVisible = 0;
			defaultConfigurationName = Release;
		};
		OBJ_347 /* Build configuration list for PBXAggregateTarget "QuizTrainPackageTests" */ = {
			isa = XCConfigurationList;
			buildConfigurations = (
				OBJ_348 /* Debug */,
				OBJ_349 /* Release */,
			);
			defaultConfigurationIsVisible = 0;
			defaultConfigurationName = Release;
		};
		OBJ_352 /* Build configuration list for PBXNativeTarget "QuizTrainTests" */ = {
			isa = XCConfigurationList;
			buildConfigurations = (
				OBJ_353 /* Debug */,
				OBJ_354 /* Release */,
			);
			defaultConfigurationIsVisible = 0;
			defaultConfigurationName = Release;
		};
/* End XCConfigurationList section */
	};
	rootObject = OBJ_1 /* Project object */;
}
